
Microsoft Visual Studio Solution File, Format Version 12.00
# Visual Studio 15
Project("{FAE04EC0-301F-11D3-BF4B-00C04F79EFBC}") = "UnityEngine.UI", "UnityEngine.UI.csproj", "{7C45B4A6-D0F0-A162-7195-8D5C73F2AF30}"
EndProject
Project("{FAE04EC0-301F-11D3-BF4B-00C04F79EFBC}") = "Unity.RenderPipelines.Core.Runtime", "Unity.RenderPipelines.Core.Runtime.csproj", "{0514E2E5-B32B-8770-09D4-A64EAE42614F}"
EndProject
Project("{FAE04EC0-301F-11D3-BF4B-00C04F79EFBC}") = "UnityEngine.TestRunner", "UnityEngine.TestRunner.csproj", "{D55E5BF5-A483-3B62-CEE9-613F84D4F4A4}"
EndProject
Project("{FAE04EC0-301F-11D3-BF4B-00C04F79EFBC}") = "Unity.Services.Core.Telemetry", "Unity.Services.Core.Telemetry.csproj", "{EDA45919-2641-DF69-B9C3-9FE7F607ED6E}"
EndProject
Project("{FAE04EC0-301F-11D3-BF4B-00C04F79EFBC}") = "Unity.InputSystem", "Unity.InputSystem.csproj", "{492D227B-50EE-CF40-A4D4-4B81B245F450}"
EndProject
Project("{FAE04EC0-301F-11D3-BF4B-00C04F79EFBC}") = "Unity.VisualScripting.State", "Unity.VisualScripting.State.csproj", "{7214B2DA-C480-46A2-8C80-7C9ECB63C8BD}"
EndProject
Project("{FAE04EC0-301F-11D3-BF4B-00C04F79EFBC}") = "Unity.RenderPipelines.Universal.Runtime", "Unity.RenderPipelines.Universal.Runtime.csproj", "{B3F672B8-1D4E-6BE4-3453-1D5DDB6FFFE2}"
EndProject
Project("{FAE04EC0-301F-11D3-BF4B-00C04F79EFBC}") = "Unity.Postprocessing.Runtime", "Unity.Postprocessing.Runtime.csproj", "{938D06CD-4829-9A4E-0AB1-22C5DCF17826}"
EndProject
Project("{FAE04EC0-301F-11D3-BF4B-00C04F79EFBC}") = "Unity.VisualScripting.Flow", "Unity.VisualScripting.Flow.csproj", "{C8D6678F-F8E0-934E-C7BB-6A60E79DCFF9}"
EndProject
Project("{FAE04EC0-301F-11D3-BF4B-00C04F79EFBC}") = "Unity.VisualScripting.Core", "Unity.VisualScripting.Core.csproj", "{A0D3CECB-7FEB-2952-B7CF-7AB3E9EABE62}"
EndProject
Project("{FAE04EC0-301F-11D3-BF4B-00C04F79EFBC}") = "Unity.XR.Oculus", "Unity.XR.Oculus.csproj", "{1B98582D-5D1F-D57A-61A2-C0B0E2DF45D8}"
EndProject
Project("{FAE04EC0-301F-11D3-BF4B-00C04F79EFBC}") = "Unity.Services.Core.Environments.Internal", "Unity.Services.Core.Environments.Internal.csproj", "{BF25FBA1-E1F6-48B4-64AC-F50C9197B2C9}"
EndProject
Project("{FAE04EC0-301F-11D3-BF4B-00C04F79EFBC}") = "Unity.TextMeshPro", "Unity.TextMeshPro.csproj", "{A73EA325-6A65-B6D9-184A-197AFC69835E}"
EndProject
Project("{FAE04EC0-301F-11D3-BF4B-00C04F79EFBC}") = "Unity.Burst", "Unity.Burst.csproj", "{D577F37F-F21B-8241-522D-D914A59D87AE}"
EndProject
Project("{FAE04EC0-301F-11D3-BF4B-00C04F79EFBC}") = "Unity.RenderPipeline.Universal.ShaderLibrary", "Unity.RenderPipeline.Universal.ShaderLibrary.csproj", "{C50BFEBE-63EC-7260-0E35-C3BA2D6D2B96}"
EndProject
Project("{FAE04EC0-301F-11D3-BF4B-00C04F79EFBC}") = "Unity.XR.Interaction.Toolkit", "Unity.XR.Interaction.Toolkit.csproj", "{C990FB97-B675-A00F-F624-9E2AC79E6095}"
EndProject
Project("{FAE04EC0-301F-11D3-BF4B-00C04F79EFBC}") = "Unity.Services.Core.Environments", "Unity.Services.Core.Environments.csproj", "{5B22998D-A939-1B23-BEA5-03327B5C2FC4}"
EndProject
Project("{FAE04EC0-301F-11D3-BF4B-00C04F79EFBC}") = "Assembly-CSharp", "Assembly-CSharp.csproj", "{012C8149-2C8D-A53B-5892-3425C41D56F4}"
EndProject
Project("{FAE04EC0-301F-11D3-BF4B-00C04F79EFBC}") = "Unity.ProBuilder.Poly2Tri", "Unity.ProBuilder.Poly2Tri.csproj", "{76A16FFA-4666-BF62-6246-03781E300909}"
EndProject
Project("{FAE04EC0-301F-11D3-BF4B-00C04F79EFBC}") = "Unity.Services.Core.Internal", "Unity.Services.Core.Internal.csproj", "{27AA855C-2D04-0037-0C1F-7AB95903D927}"
EndProject
Project("{FAE04EC0-301F-11D3-BF4B-00C04F79EFBC}") = "Unity.ProBuilder", "Unity.ProBuilder.csproj", "{9163919D-596F-0CAB-AC88-713A3B518C20}"
EndProject
Project("{FAE04EC0-301F-11D3-BF4B-00C04F79EFBC}") = "Unity.XR.CoreUtils", "Unity.XR.CoreUtils.csproj", "{B061242E-044A-73CD-69AF-0D77000CA351}"
EndProject
Project("{FAE04EC0-301F-11D3-BF4B-00C04F79EFBC}") = "Unity.XR.OpenXR", "Unity.XR.OpenXR.csproj", "{5373689E-F41B-F41F-0011-FFE2AF6E83DF}"
EndProject
Project("{FAE04EC0-301F-11D3-BF4B-00C04F79EFBC}") = "Unity.Timeline", "Unity.Timeline.csproj", "{4440A09F-D570-73F7-013E-507E67ED52B8}"
EndProject
Project("{FAE04EC0-301F-11D3-BF4B-00C04F79EFBC}") = "Unity.Mathematics", "Unity.Mathematics.csproj", "{4FD1B2D1-F18A-B5A2-BA67-BDFA316BE1CD}"
EndProject
Project("{FAE04EC0-301F-11D3-BF4B-00C04F79EFBC}") = "Unity.Services.Core.Scheduler", "Unity.Services.Core.Scheduler.csproj", "{B1FFBFA4-2736-C8E8-2C0C-5A1025DFE22D}"
EndProject
Project("{FAE04EC0-301F-11D3-BF4B-00C04F79EFBC}") = "Unity.Services.Core.Device", "Unity.Services.Core.Device.csproj", "{E1E8C8E8-A7D6-0300-5C57-9DB0E4739E68}"
EndProject
Project("{FAE04EC0-301F-11D3-BF4B-00C04F79EFBC}") = "Unity.Services.Core.Analytics", "Unity.Services.Core.Analytics.csproj", "{B6D246D3-91AB-32C6-CCF2-F636B5D0BBEC}"
EndProject
Project("{FAE04EC0-301F-11D3-BF4B-00C04F79EFBC}") = "Unity.XR.Management", "Unity.XR.Management.csproj", "{8847FC25-ECB2-F725-43C5-C5705820888D}"
EndProject
Project("{FAE04EC0-301F-11D3-BF4B-00C04F79EFBC}") = "Unity.ProBuilder.KdTree", "Unity.ProBuilder.KdTree.csproj", "{17F39315-3520-DA2E-CF20-AA7B401AB025}"
EndProject
Project("{FAE04EC0-301F-11D3-BF4B-00C04F79EFBC}") = "Unity.Services.Core.Configuration", "Unity.Services.Core.Configuration.csproj", "{1BE02A2A-FF17-F74E-C221-1AD2C3E04DF3}"
EndProject
Project("{FAE04EC0-301F-11D3-BF4B-00C04F79EFBC}") = "Unity.Services.Core.Threading", "Unity.Services.Core.Threading.csproj", "{52AD444E-1F0E-23F8-E3C5-9C1848DCFEA6}"
EndProject
Project("{FAE04EC0-301F-11D3-BF4B-00C04F79EFBC}") = "UnityEngine.SpatialTracking", "UnityEngine.SpatialTracking.csproj", "{71A11EBD-8B2F-EE6A-8E5F-4CB1FD94ED07}"
EndProject
Project("{FAE04EC0-301F-11D3-BF4B-00C04F79EFBC}") = "UnityEngine.XR.LegacyInputHelpers", "UnityEngine.XR.LegacyInputHelpers.csproj", "{1B10D582-E526-5299-5712-23BBF07595C4}"
EndProject
Project("{FAE04EC0-301F-11D3-BF4B-00C04F79EFBC}") = "Unity.Services.Core", "Unity.Services.Core.csproj", "{2D38BE71-045F-739B-F2C5-C9E22DD10657}"
EndProject
Project("{FAE04EC0-301F-11D3-BF4B-00C04F79EFBC}") = "Unity.Services.Core.Networking", "Unity.Services.Core.Networking.csproj", "{1F7C9287-B3CA-7BD9-E5DF-802C183F1040}"
EndProject
Project("{FAE04EC0-301F-11D3-BF4B-00C04F79EFBC}") = "Unity.XR.OpenXR.Features.ConformanceAutomation", "Unity.XR.OpenXR.Features.ConformanceAutomation.csproj", "{04410124-CC41-67C3-35AA-D5C1DB857D56}"
EndProject
Project("{FAE04EC0-301F-11D3-BF4B-00C04F79EFBC}") = "Unity.Services.Core.Registration", "Unity.Services.Core.Registration.csproj", "{1317C914-4190-9185-6831-0CB0484A454A}"
EndProject
Project("{FAE04EC0-301F-11D3-BF4B-00C04F79EFBC}") = "Unity.ProBuilder.Csg", "Unity.ProBuilder.Csg.csproj", "{22D35745-95ED-7079-9589-EE3B95508EF0}"
EndProject
Project("{FAE04EC0-301F-11D3-BF4B-00C04F79EFBC}") = "Unity.XR.OpenXR.Features.MockRuntime", "Unity.XR.OpenXR.Features.MockRuntime.csproj", "{67B612CB-E11F-2651-BE9E-5E8AB8394A5D}"
EndProject
Project("{FAE04EC0-301F-11D3-BF4B-00C04F79EFBC}") = "Unity.Subsystem.Registration", "Unity.Subsystem.Registration.csproj", "{9816A40E-3A97-F177-4794-BF72BE3B85B5}"
EndProject
Project("{FAE04EC0-301F-11D3-BF4B-00C04F79EFBC}") = "Unity.ProBuilder.Stl", "Unity.ProBuilder.Stl.csproj", "{EB5A3B3D-4313-8329-E307-517EA4D0D2F2}"
EndProject
Project("{FAE04EC0-301F-11D3-BF4B-00C04F79EFBC}") = "Unity.RenderPipelines.ShaderGraph.ShaderGraphLibrary", "Unity.RenderPipelines.ShaderGraph.ShaderGraphLibrary.csproj", "{4CD808C5-F0D8-D0F0-3578-B695C8B62C16}"
EndProject
Project("{FAE04EC0-301F-11D3-BF4B-00C04F79EFBC}") = "Unity.RenderPipelines.Core.ShaderLibrary", "Unity.RenderPipelines.Core.ShaderLibrary.csproj", "{EAC0553B-85AD-EA9E-6549-3DD6370C880F}"
EndProject
Project("{FAE04EC0-301F-11D3-BF4B-00C04F79EFBC}") = "Unity.XR.OpenXR.Features.RuntimeDebugger", "Unity.XR.OpenXR.Features.RuntimeDebugger.csproj", "{7F49DB45-5934-233B-E993-0753C4ECFE9E}"
EndProject
Project("{FAE04EC0-301F-11D3-BF4B-00C04F79EFBC}") = "Unity.RenderPipelines.Universal.Shaders", "Unity.RenderPipelines.Universal.Shaders.csproj", "{916E4DE8-B965-ADBB-D322-BCDFD21BC34B}"
EndProject
Project("{FAE04EC0-301F-11D3-BF4B-00C04F79EFBC}") = "Unity.XR.OpenXR.Features.OculusQuestSupport", "Unity.XR.OpenXR.Features.OculusQuestSupport.csproj", "{21BB257B-15E4-94D1-0649-DDF4716FE6C9}"
EndProject
Project("{FAE04EC0-301F-11D3-BF4B-00C04F79EFBC}") = "Unity.PlasticSCM.Editor", "Unity.PlasticSCM.Editor.csproj", "{C7B21CAF-B065-A0C4-3E18-68102239390E}"
EndProject
Project("{FAE04EC0-301F-11D3-BF4B-00C04F79EFBC}") = "Unity.VisualScripting.Core.Editor", "Unity.VisualScripting.Core.Editor.csproj", "{5C8C808C-1D24-7DCE-85E0-17050244DE26}"
EndProject
Project("{FAE04EC0-301F-11D3-BF4B-00C04F79EFBC}") = "Unity.ShaderGraph.Editor", "Unity.ShaderGraph.Editor.csproj", "{C778C9A3-4721-765F-C508-034934508CDB}"
EndProject
Project("{FAE04EC0-301F-11D3-BF4B-00C04F79EFBC}") = "Unity.Timeline.Editor", "Unity.Timeline.Editor.csproj", "{B6CE1BFA-3A3D-986D-7396-7A1A591CA07D}"
EndProject
Project("{FAE04EC0-301F-11D3-BF4B-00C04F79EFBC}") = "Unity.ProBuilder.Editor", "Unity.ProBuilder.Editor.csproj", "{112522FB-DFF4-5AFB-4BC9-502E87892750}"
EndProject
Project("{FAE04EC0-301F-11D3-BF4B-00C04F79EFBC}") = "Unity.RenderPipelines.Universal.Editor", "Unity.RenderPipelines.Universal.Editor.csproj", "{DEA8D01B-70F3-C512-4ADD-AA7C338C6AF5}"
EndProject
Project("{FAE04EC0-301F-11D3-BF4B-00C04F79EFBC}") = "Unity.XR.Interaction.Toolkit.Editor", "Unity.XR.Interaction.Toolkit.Editor.csproj", "{EDC8B0C9-0DB4-1962-0F5C-76AEA1C7DBB3}"
EndProject
Project("{FAE04EC0-301F-11D3-BF4B-00C04F79EFBC}") = "Unity.TextMeshPro.Editor", "Unity.TextMeshPro.Editor.csproj", "{7726E694-D5E5-39DE-44EF-762AA71E33A1}"
EndProject
Project("{FAE04EC0-301F-11D3-BF4B-00C04F79EFBC}") = "Unity.VisualScripting.SettingsProvider.Editor", "Unity.VisualScripting.SettingsProvider.Editor.csproj", "{55F4EF9C-4B05-3626-D41F-E8F5BF5227F6}"
EndProject
Project("{FAE04EC0-301F-11D3-BF4B-00C04F79EFBC}") = "UnityEditor.TestRunner", "UnityEditor.TestRunner.csproj", "{FF775B8D-7A2D-0EBC-6943-991C36DBC426}"
EndProject
Project("{FAE04EC0-301F-11D3-BF4B-00C04F79EFBC}") = "Unity.TestTools.CodeCoverage.Editor", "Unity.TestTools.CodeCoverage.Editor.csproj", "{410B04AB-8EE5-BA72-BC85-5B21FD0ED8C9}"
EndProject
Project("{FAE04EC0-301F-11D3-BF4B-00C04F79EFBC}") = "Unity.VisualScripting.Flow.Editor", "Unity.VisualScripting.Flow.Editor.csproj", "{0C59F5AC-54BD-A555-E4ED-BA88AE5CF5A9}"
EndProject
Project("{FAE04EC0-301F-11D3-BF4B-00C04F79EFBC}") = "Unity.Rider.Editor", "Unity.Rider.Editor.csproj", "{6E4C4DB1-FDF6-9376-8B81-ED992EB5ACAD}"
EndProject
Project("{FAE04EC0-301F-11D3-BF4B-00C04F79EFBC}") = "Unity.CollabProxy.Editor", "Unity.CollabProxy.Editor.csproj", "{F997383B-4578-D964-E531-AA737FF7CC92}"
EndProject
Project("{FAE04EC0-301F-11D3-BF4B-00C04F79EFBC}") = "Unity.Performance.Profile-Analyzer.Editor", "Unity.Performance.Profile-Analyzer.Editor.csproj", "{962BF07D-456C-CB62-6EF0-04D38A3D3D7E}"
EndProject
Project("{FAE04EC0-301F-11D3-BF4B-00C04F79EFBC}") = "Unity.RenderPipelines.Core.Editor", "Unity.RenderPipelines.Core.Editor.csproj", "{9A456996-B206-541B-1423-658BDDC75D41}"
EndProject
Project("{FAE04EC0-301F-11D3-BF4B-00C04F79EFBC}") = "Unity.Services.Core.Editor", "Unity.Services.Core.Editor.csproj", "{7CEFCC4F-4CF4-E409-D69B-A735AE2EE5B2}"
EndProject
Project("{FAE04EC0-301F-11D3-BF4B-00C04F79EFBC}") = "Unity.Postprocessing.Editor", "Unity.Postprocessing.Editor.csproj", "{B0B420C8-AC1D-CF76-F3CF-11CFE8C27BAE}"
EndProject
Project("{FAE04EC0-301F-11D3-BF4B-00C04F79EFBC}") = "Unity.Burst.CodeGen", "Unity.Burst.CodeGen.csproj", "{DED5E39F-58E3-076D-8402-0B088C0F3806}"
EndProject
Project("{FAE04EC0-301F-11D3-BF4B-00C04F79EFBC}") = "Unity.XR.OpenXR.Features.OculusQuestSupport.Editor", "Unity.XR.OpenXR.Features.OculusQuestSupport.Editor.csproj", "{38D2887D-729C-5C56-81FF-35A333B82F53}"
EndProject
Project("{FAE04EC0-301F-11D3-BF4B-00C04F79EFBC}") = "Unity.XR.Management.Editor", "Unity.XR.Management.Editor.csproj", "{AED743EE-1B2A-8356-4B26-B13C20C694E5}"
EndProject
Project("{FAE04EC0-301F-11D3-BF4B-00C04F79EFBC}") = "Unity.VSCode.Editor", "Unity.VSCode.Editor.csproj", "{7B24D810-E431-6F19-57B0-32954A55AA45}"
EndProject
Project("{FAE04EC0-301F-11D3-BF4B-00C04F79EFBC}") = "Unity.VisualStudio.Editor", "Unity.VisualStudio.Editor.csproj", "{772633CE-F554-1AEB-9FA7-27C200FEE1DC}"
EndProject
Project("{FAE04EC0-301F-11D3-BF4B-00C04F79EFBC}") = "Unity.TestTools.CodeCoverage.Editor.OpenCover.Model", "Unity.TestTools.CodeCoverage.Editor.OpenCover.Model.csproj", "{0756A3DD-CF1D-5B0C-F753-9806CB17E6AF}"
EndProject
Project("{FAE04EC0-301F-11D3-BF4B-00C04F79EFBC}") = "Unity.Settings.Editor", "Unity.Settings.Editor.csproj", "{54EE6C35-7C19-0936-AA5B-CDC7375C26E4}"
EndProject
Project("{FAE04EC0-301F-11D3-BF4B-00C04F79EFBC}") = "UnityEditor.SpatialTracking", "UnityEditor.SpatialTracking.csproj", "{9EA358EB-7399-2168-30A2-E201BCEDB44E}"
EndProject
Project("{FAE04EC0-301F-11D3-BF4B-00C04F79EFBC}") = "PPv2URPConverters", "PPv2URPConverters.csproj", "{6300035D-9BF6-8EA2-E507-3C81D493BA6A}"
EndProject
Project("{FAE04EC0-301F-11D3-BF4B-00C04F79EFBC}") = "Unity.XR.OpenXR.Editor", "Unity.XR.OpenXR.Editor.csproj", "{EDA944D3-AD3C-FA26-66C4-4C65279E4782}"
EndProject
Project("{FAE04EC0-301F-11D3-BF4B-00C04F79EFBC}") = "Unity.VisualScripting.State.Editor", "Unity.VisualScripting.State.Editor.csproj", "{25C2E343-3CC3-1077-98F9-457266C2B84E}"
EndProject
Project("{FAE04EC0-301F-11D3-BF4B-00C04F79EFBC}") = "UnityEditor.UI", "UnityEditor.UI.csproj", "{20049749-57FA-A215-4AB1-801BA203DDAA}"
EndProject
Project("{FAE04EC0-301F-11D3-BF4B-00C04F79EFBC}") = "UnityEditor.XR.LegacyInputHelpers", "UnityEditor.XR.LegacyInputHelpers.csproj", "{DE86109A-E9F2-9480-4BF1-3DE0D3BB2ECC}"
EndProject
Project("{FAE04EC0-301F-11D3-BF4B-00C04F79EFBC}") = "Unity.Searcher.Editor", "Unity.Searcher.Editor.csproj", "{2C94B45A-E271-A79E-9E33-3DA49706447E}"
EndProject
Project("{FAE04EC0-301F-11D3-BF4B-00C04F79EFBC}") = "Unity.Services.Core.Configuration.Editor", "Unity.Services.Core.Configuration.Editor.csproj", "{401C515A-9930-E77E-5FB4-0F5A4162208C}"
EndProject
Project("{FAE04EC0-301F-11D3-BF4B-00C04F79EFBC}") = "Unity.Burst.Editor", "Unity.Burst.Editor.csproj", "{9CEDE72F-EDCC-BCFA-A220-950335023E17}"
EndProject
Project("{FAE04EC0-301F-11D3-BF4B-00C04F79EFBC}") = "Unity.ProBuilder.AssetIdRemapUtility", "Unity.ProBuilder.AssetIdRemapUtility.csproj", "{D80A67AF-C568-DC2F-FFB9-547268B67A04}"
EndProject
Project("{FAE04EC0-301F-11D3-BF4B-00C04F79EFBC}") = "Unity.XR.OpenXR.Features.RuntimeDebugger.Editor", "Unity.XR.OpenXR.Features.RuntimeDebugger.Editor.csproj", "{88FE5E08-3201-BD47-D916-9C005FAB5935}"
EndProject
Project("{FAE04EC0-301F-11D3-BF4B-00C04F79EFBC}") = "Unity.XR.CoreUtils.Editor", "Unity.XR.CoreUtils.Editor.csproj", "{B722EA5E-A2A0-E189-63B3-8C5AE7319BFD}"
EndProject
Project("{FAE04EC0-301F-11D3-BF4B-00C04F79EFBC}") = "Unity.XR.Oculus.Editor", "Unity.XR.Oculus.Editor.csproj", "{B68DA53E-4CEE-276D-61C9-2AC4944FEB44}"
EndProject
Project("{FAE04EC0-301F-11D3-BF4B-00C04F79EFBC}") = "Unity.ShaderGraph.Utilities", "Unity.ShaderGraph.Utilities.csproj", "{66D0FE19-2CA5-9795-A602-14BAE61F22E7}"
EndProject
Project("{FAE04EC0-301F-11D3-BF4B-00C04F79EFBC}") = "Unity.Mathematics.Editor", "Unity.Mathematics.Editor.csproj", "{13CF4969-6B95-37EE-E7B6-2E5917642500}"
EndProject
Project("{FAE04EC0-301F-11D3-BF4B-00C04F79EFBC}") = "Unity.TestTools.CodeCoverage.Editor.OpenCover.Mono.Reflection", "Unity.TestTools.CodeCoverage.Editor.OpenCover.Mono.Reflection.csproj", "{DC229D2B-1555-4F3C-6798-648279846FF7}"
EndProject
Project("{FAE04EC0-301F-11D3-BF4B-00C04F79EFBC}") = "Unity.ProBuilder.AddOns.Editor", "Unity.ProBuilder.AddOns.Editor.csproj", "{15AFEAFF-2304-EB5C-47E1-FFED249805B3}"
EndProject
Project("{FAE04EC0-301F-11D3-BF4B-00C04F79EFBC}") = "Unity.EditorCoroutines.Editor", "Unity.EditorCoroutines.Editor.csproj", "{8C2DE31D-0B20-6E58-03FB-9647F53AE7C0}"
EndProject
Project("{FAE04EC0-301F-11D3-BF4B-00C04F79EFBC}") = "Unity.VisualScripting.Shared.Editor", "Unity.VisualScripting.Shared.Editor.csproj", "{9D9761B4-EA6A-F521-90F0-43368A4E02C2}"
EndProject
Project("{FAE04EC0-301F-11D3-BF4B-00C04F79EFBC}") = "UnityEngine.UI", "UnityEngine.UI.Player.csproj", "{2D023BED-5F6E-356A-F5F4-251013C29577}"
EndProject
Project("{FAE04EC0-301F-11D3-BF4B-00C04F79EFBC}") = "Unity.RenderPipelines.Core.Runtime", "Unity.RenderPipelines.Core.Runtime.Player.csproj", "{85558BE2-9B50-46ED-2A3B-91278D008EB0}"
EndProject
Project("{FAE04EC0-301F-11D3-BF4B-00C04F79EFBC}") = "UnityEngine.TestRunner", "UnityEngine.TestRunner.Player.csproj", "{7C950F30-FD46-4DA6-095D-9268FF1D0F2A}"
EndProject
Project("{FAE04EC0-301F-11D3-BF4B-00C04F79EFBC}") = "Unity.Services.Core.Telemetry", "Unity.Services.Core.Telemetry.Player.csproj", "{6C58A04C-E97A-8018-5729-89D4A7DCDC49}"
EndProject
Project("{FAE04EC0-301F-11D3-BF4B-00C04F79EFBC}") = "Unity.InputSystem", "Unity.InputSystem.Player.csproj", "{3B0F5DC5-3618-E02A-2C86-29C809D3056A}"
EndProject
Project("{FAE04EC0-301F-11D3-BF4B-00C04F79EFBC}") = "Unity.VisualScripting.State", "Unity.VisualScripting.State.Player.csproj", "{531F4F3B-336E-0B66-0200-4E46614636A7}"
EndProject
Project("{FAE04EC0-301F-11D3-BF4B-00C04F79EFBC}") = "Unity.RenderPipelines.Universal.Runtime", "Unity.RenderPipelines.Universal.Runtime.Player.csproj", "{45C815BE-44B4-800F-E8BF-D5A814CD2E99}"
EndProject
Project("{FAE04EC0-301F-11D3-BF4B-00C04F79EFBC}") = "Unity.Postprocessing.Runtime", "Unity.Postprocessing.Runtime.Player.csproj", "{03322B93-0FF6-5363-5911-DC6831066AE9}"
EndProject
Project("{FAE04EC0-301F-11D3-BF4B-00C04F79EFBC}") = "Unity.VisualScripting.Flow", "Unity.VisualScripting.Flow.Player.csproj", "{F668C07A-A2CC-4DA9-DEDA-18DF8DBA9FAC}"
EndProject
Project("{FAE04EC0-301F-11D3-BF4B-00C04F79EFBC}") = "Unity.VisualScripting.Core", "Unity.VisualScripting.Core.Player.csproj", "{45CC54A4-2563-4A12-B582-3AF078A97F8B}"
EndProject
Project("{FAE04EC0-301F-11D3-BF4B-00C04F79EFBC}") = "Unity.XR.Oculus", "Unity.XR.Oculus.Player.csproj", "{1AC34442-4100-8EE3-E3DF-AC403832BD5C}"
EndProject
Project("{FAE04EC0-301F-11D3-BF4B-00C04F79EFBC}") = "Unity.Services.Core.Environments.Internal", "Unity.Services.Core.Environments.Internal.Player.csproj", "{A8788224-6097-7C1C-1E0E-5760BC8F024C}"
EndProject
Project("{FAE04EC0-301F-11D3-BF4B-00C04F79EFBC}") = "Unity.TextMeshPro", "Unity.TextMeshPro.Player.csproj", "{11E3636D-48AB-6DAA-7D66-0811AE7F0713}"
EndProject
Project("{FAE04EC0-301F-11D3-BF4B-00C04F79EFBC}") = "Unity.Burst", "Unity.Burst.Player.csproj", "{788589EB-EA0F-4409-B864-93407F1BD49D}"
EndProject
Project("{FAE04EC0-301F-11D3-BF4B-00C04F79EFBC}") = "Unity.RenderPipeline.Universal.ShaderLibrary", "Unity.RenderPipeline.Universal.ShaderLibrary.Player.csproj", "{FEC9D9D0-1589-4B4C-E7D4-60E0C390FEC8}"
EndProject
Project("{FAE04EC0-301F-11D3-BF4B-00C04F79EFBC}") = "Unity.XR.Interaction.Toolkit", "Unity.XR.Interaction.Toolkit.Player.csproj", "{A18728CF-995E-357C-2442-BAF3952FF849}"
EndProject
Project("{FAE04EC0-301F-11D3-BF4B-00C04F79EFBC}") = "Unity.Services.Core.Environments", "Unity.Services.Core.Environments.Player.csproj", "{AD1634B2-D54B-C1D2-64D2-69DC820F9DD0}"
EndProject
Project("{FAE04EC0-301F-11D3-BF4B-00C04F79EFBC}") = "Assembly-CSharp", "Assembly-CSharp.Player.csproj", "{27BFEF61-CA41-0B2F-CA99-D47D5E8E52CB}"
EndProject
Project("{FAE04EC0-301F-11D3-BF4B-00C04F79EFBC}") = "Unity.ProBuilder.Poly2Tri", "Unity.ProBuilder.Poly2Tri.Player.csproj", "{F304CD1B-2E49-FFA4-2FEC-8D8368374DB9}"
EndProject
Project("{FAE04EC0-301F-11D3-BF4B-00C04F79EFBC}") = "Unity.Services.Core.Internal", "Unity.Services.Core.Internal.Player.csproj", "{C5157F46-DEB9-D4BD-6C49-B7D0FF0269F9}"
EndProject
Project("{FAE04EC0-301F-11D3-BF4B-00C04F79EFBC}") = "Unity.ProBuilder", "Unity.ProBuilder.Player.csproj", "{846E7B74-88D4-A705-79D3-206760C8B0C2}"
EndProject
Project("{FAE04EC0-301F-11D3-BF4B-00C04F79EFBC}") = "Unity.XR.CoreUtils", "Unity.XR.CoreUtils.Player.csproj", "{C6EF7DC2-F241-BAB8-1F7E-0E5A4AC99D4E}"
EndProject
Project("{FAE04EC0-301F-11D3-BF4B-00C04F79EFBC}") = "Unity.XR.OpenXR", "Unity.XR.OpenXR.Player.csproj", "{0E0046B3-E207-2895-1DC8-F56F2E8C3059}"
EndProject
Project("{FAE04EC0-301F-11D3-BF4B-00C04F79EFBC}") = "Unity.Timeline", "Unity.Timeline.Player.csproj", "{3FC0227F-0F1B-C5DB-F2C3-FB93B2C21E4D}"
EndProject
Project("{FAE04EC0-301F-11D3-BF4B-00C04F79EFBC}") = "Unity.Mathematics", "Unity.Mathematics.Player.csproj", "{732FEF21-5BD9-582C-AD4D-D5F63C69D328}"
EndProject
Project("{FAE04EC0-301F-11D3-BF4B-00C04F79EFBC}") = "Unity.Services.Core.Scheduler", "Unity.Services.Core.Scheduler.Player.csproj", "{C5E46543-182F-90AB-E000-45078AC98861}"
EndProject
Project("{FAE04EC0-301F-11D3-BF4B-00C04F79EFBC}") = "Unity.Services.Core.Device", "Unity.Services.Core.Device.Player.csproj", "{680B799D-19C1-E562-5121-31FA552F4780}"
EndProject
Project("{FAE04EC0-301F-11D3-BF4B-00C04F79EFBC}") = "Unity.Services.Core.Analytics", "Unity.Services.Core.Analytics.Player.csproj", "{87E77575-A77F-77D6-8044-443284ABA33B}"
EndProject
Project("{FAE04EC0-301F-11D3-BF4B-00C04F79EFBC}") = "Unity.XR.Management", "Unity.XR.Management.Player.csproj", "{5E90B55F-2BB4-274F-85F5-842A100DE13D}"
EndProject
Project("{FAE04EC0-301F-11D3-BF4B-00C04F79EFBC}") = "Unity.ProBuilder.KdTree", "Unity.ProBuilder.KdTree.Player.csproj", "{16911635-D914-C5C2-506C-604B5887389D}"
EndProject
Project("{FAE04EC0-301F-11D3-BF4B-00C04F79EFBC}") = "Unity.Services.Core.Configuration", "Unity.Services.Core.Configuration.Player.csproj", "{F6514CF1-6276-DE11-A9AB-AE88843B2A88}"
EndProject
Project("{FAE04EC0-301F-11D3-BF4B-00C04F79EFBC}") = "Unity.Services.Core.Threading", "Unity.Services.Core.Threading.Player.csproj", "{EA60D59C-3B8D-01D2-A966-6E47D2628893}"
EndProject
Project("{FAE04EC0-301F-11D3-BF4B-00C04F79EFBC}") = "UnityEngine.SpatialTracking", "UnityEngine.SpatialTracking.Player.csproj", "{F30A1AB2-ADBA-778B-5781-CEE3C92DDB78}"
EndProject
Project("{FAE04EC0-301F-11D3-BF4B-00C04F79EFBC}") = "UnityEngine.XR.LegacyInputHelpers", "UnityEngine.XR.LegacyInputHelpers.Player.csproj", "{F68D07C3-EE99-2F34-A1CE-780E30AC44CF}"
EndProject
Project("{FAE04EC0-301F-11D3-BF4B-00C04F79EFBC}") = "Unity.Services.Core", "Unity.Services.Core.Player.csproj", "{05ADFDD0-0EB0-F8EE-6B33-97248B82C002}"
EndProject
Project("{FAE04EC0-301F-11D3-BF4B-00C04F79EFBC}") = "Unity.Services.Core.Networking", "Unity.Services.Core.Networking.Player.csproj", "{BA1F247F-F554-EFE0-9C89-BEFB4DF11A66}"
EndProject
Project("{FAE04EC0-301F-11D3-BF4B-00C04F79EFBC}") = "Unity.XR.OpenXR.Features.ConformanceAutomation", "Unity.XR.OpenXR.Features.ConformanceAutomation.Player.csproj", "{289B6BAC-A1AF-1543-71A0-6EFAE7584A47}"
EndProject
Project("{FAE04EC0-301F-11D3-BF4B-00C04F79EFBC}") = "Unity.Services.Core.Registration", "Unity.Services.Core.Registration.Player.csproj", "{8090FBFE-2857-FDD6-0BE7-929EA8AD29AE}"
EndProject
Project("{FAE04EC0-301F-11D3-BF4B-00C04F79EFBC}") = "Unity.ProBuilder.Csg", "Unity.ProBuilder.Csg.Player.csproj", "{14973852-619C-8A8E-5259-A624BB7A61BA}"
EndProject
Project("{FAE04EC0-301F-11D3-BF4B-00C04F79EFBC}") = "Unity.XR.OpenXR.Features.MockRuntime", "Unity.XR.OpenXR.Features.MockRuntime.Player.csproj", "{98DB0700-C574-7E07-BBA2-E6C600C05CC1}"
EndProject
Project("{FAE04EC0-301F-11D3-BF4B-00C04F79EFBC}") = "Unity.Subsystem.Registration", "Unity.Subsystem.Registration.Player.csproj", "{36FEAD0E-BFE8-7585-CCA7-E107EF381383}"
EndProject
Project("{FAE04EC0-301F-11D3-BF4B-00C04F79EFBC}") = "Unity.ProBuilder.Stl", "Unity.ProBuilder.Stl.Player.csproj", "{5DF06137-E22A-3A6A-93A6-A0550CEFB246}"
EndProject
Project("{FAE04EC0-301F-11D3-BF4B-00C04F79EFBC}") = "Unity.RenderPipelines.ShaderGraph.ShaderGraphLibrary", "Unity.RenderPipelines.ShaderGraph.ShaderGraphLibrary.Player.csproj", "{75AC7CD8-9637-74B2-45EA-F1430BB86E43}"
EndProject
Project("{FAE04EC0-301F-11D3-BF4B-00C04F79EFBC}") = "Unity.RenderPipelines.Core.ShaderLibrary", "Unity.RenderPipelines.Core.ShaderLibrary.Player.csproj", "{0720F763-319B-C821-E977-15082AF9F507}"
EndProject
Project("{FAE04EC0-301F-11D3-BF4B-00C04F79EFBC}") = "Unity.XR.OpenXR.Features.RuntimeDebugger", "Unity.XR.OpenXR.Features.RuntimeDebugger.Player.csproj", "{ECD3E396-A314-6157-1C2F-9ABD8AEBA02B}"
EndProject
Project("{FAE04EC0-301F-11D3-BF4B-00C04F79EFBC}") = "Unity.RenderPipelines.Universal.Shaders", "Unity.RenderPipelines.Universal.Shaders.Player.csproj", "{1BF170C8-C609-5033-B558-BFFC1CA0D548}"
EndProject
Project("{FAE04EC0-301F-11D3-BF4B-00C04F79EFBC}") = "Unity.XR.OpenXR.Features.OculusQuestSupport", "Unity.XR.OpenXR.Features.OculusQuestSupport.Player.csproj", "{66C51437-0640-9907-8EA5-32BF20E4707A}"
EndProject
Global
	GlobalSection(SolutionConfigurationPlatforms) = preSolution
		Debug|Any CPU = Debug|Any CPU
		Release|Any CPU = Release|Any CPU
	EndGlobalSection
	GlobalSection(ProjectConfigurationPlatforms) = postSolution
		{7C45B4A6-D0F0-A162-7195-8D5C73F2AF30}.Debug|Any CPU.ActiveCfg = Debug|Any CPU
		{7C45B4A6-D0F0-A162-7195-8D5C73F2AF30}.Debug|Any CPU.Build.0 = Debug|Any CPU
		{7C45B4A6-D0F0-A162-7195-8D5C73F2AF30}.Release|Any CPU.ActiveCfg = Release|Any CPU
		{7C45B4A6-D0F0-A162-7195-8D5C73F2AF30}.Release|Any CPU.Build.0 = Release|Any CPU
		{0514E2E5-B32B-8770-09D4-A64EAE42614F}.Debug|Any CPU.ActiveCfg = Debug|Any CPU
		{0514E2E5-B32B-8770-09D4-A64EAE42614F}.Debug|Any CPU.Build.0 = Debug|Any CPU
		{0514E2E5-B32B-8770-09D4-A64EAE42614F}.Release|Any CPU.ActiveCfg = Release|Any CPU
		{0514E2E5-B32B-8770-09D4-A64EAE42614F}.Release|Any CPU.Build.0 = Release|Any CPU
		{D55E5BF5-A483-3B62-CEE9-613F84D4F4A4}.Debug|Any CPU.ActiveCfg = Debug|Any CPU
		{D55E5BF5-A483-3B62-CEE9-613F84D4F4A4}.Debug|Any CPU.Build.0 = Debug|Any CPU
		{D55E5BF5-A483-3B62-CEE9-613F84D4F4A4}.Release|Any CPU.ActiveCfg = Release|Any CPU
		{D55E5BF5-A483-3B62-CEE9-613F84D4F4A4}.Release|Any CPU.Build.0 = Release|Any CPU
		{EDA45919-2641-DF69-B9C3-9FE7F607ED6E}.Debug|Any CPU.ActiveCfg = Debug|Any CPU
		{EDA45919-2641-DF69-B9C3-9FE7F607ED6E}.Debug|Any CPU.Build.0 = Debug|Any CPU
		{EDA45919-2641-DF69-B9C3-9FE7F607ED6E}.Release|Any CPU.ActiveCfg = Release|Any CPU
		{EDA45919-2641-DF69-B9C3-9FE7F607ED6E}.Release|Any CPU.Build.0 = Release|Any CPU
		{492D227B-50EE-CF40-A4D4-4B81B245F450}.Debug|Any CPU.ActiveCfg = Debug|Any CPU
		{492D227B-50EE-CF40-A4D4-4B81B245F450}.Debug|Any CPU.Build.0 = Debug|Any CPU
		{492D227B-50EE-CF40-A4D4-4B81B245F450}.Release|Any CPU.ActiveCfg = Release|Any CPU
		{492D227B-50EE-CF40-A4D4-4B81B245F450}.Release|Any CPU.Build.0 = Release|Any CPU
		{7214B2DA-C480-46A2-8C80-7C9ECB63C8BD}.Debug|Any CPU.ActiveCfg = Debug|Any CPU
		{7214B2DA-C480-46A2-8C80-7C9ECB63C8BD}.Debug|Any CPU.Build.0 = Debug|Any CPU
		{7214B2DA-C480-46A2-8C80-7C9ECB63C8BD}.Release|Any CPU.ActiveCfg = Release|Any CPU
		{7214B2DA-C480-46A2-8C80-7C9ECB63C8BD}.Release|Any CPU.Build.0 = Release|Any CPU
		{B3F672B8-1D4E-6BE4-3453-1D5DDB6FFFE2}.Debug|Any CPU.ActiveCfg = Debug|Any CPU
		{B3F672B8-1D4E-6BE4-3453-1D5DDB6FFFE2}.Debug|Any CPU.Build.0 = Debug|Any CPU
		{B3F672B8-1D4E-6BE4-3453-1D5DDB6FFFE2}.Release|Any CPU.ActiveCfg = Release|Any CPU
		{B3F672B8-1D4E-6BE4-3453-1D5DDB6FFFE2}.Release|Any CPU.Build.0 = Release|Any CPU
		{938D06CD-4829-9A4E-0AB1-22C5DCF17826}.Debug|Any CPU.ActiveCfg = Debug|Any CPU
		{938D06CD-4829-9A4E-0AB1-22C5DCF17826}.Debug|Any CPU.Build.0 = Debug|Any CPU
		{938D06CD-4829-9A4E-0AB1-22C5DCF17826}.Release|Any CPU.ActiveCfg = Release|Any CPU
		{938D06CD-4829-9A4E-0AB1-22C5DCF17826}.Release|Any CPU.Build.0 = Release|Any CPU
		{C8D6678F-F8E0-934E-C7BB-6A60E79DCFF9}.Debug|Any CPU.ActiveCfg = Debug|Any CPU
		{C8D6678F-F8E0-934E-C7BB-6A60E79DCFF9}.Debug|Any CPU.Build.0 = Debug|Any CPU
		{C8D6678F-F8E0-934E-C7BB-6A60E79DCFF9}.Release|Any CPU.ActiveCfg = Release|Any CPU
		{C8D6678F-F8E0-934E-C7BB-6A60E79DCFF9}.Release|Any CPU.Build.0 = Release|Any CPU
		{A0D3CECB-7FEB-2952-B7CF-7AB3E9EABE62}.Debug|Any CPU.ActiveCfg = Debug|Any CPU
		{A0D3CECB-7FEB-2952-B7CF-7AB3E9EABE62}.Debug|Any CPU.Build.0 = Debug|Any CPU
		{A0D3CECB-7FEB-2952-B7CF-7AB3E9EABE62}.Release|Any CPU.ActiveCfg = Release|Any CPU
		{A0D3CECB-7FEB-2952-B7CF-7AB3E9EABE62}.Release|Any CPU.Build.0 = Release|Any CPU
		{1B98582D-5D1F-D57A-61A2-C0B0E2DF45D8}.Debug|Any CPU.ActiveCfg = Debug|Any CPU
		{1B98582D-5D1F-D57A-61A2-C0B0E2DF45D8}.Debug|Any CPU.Build.0 = Debug|Any CPU
		{1B98582D-5D1F-D57A-61A2-C0B0E2DF45D8}.Release|Any CPU.ActiveCfg = Release|Any CPU
		{1B98582D-5D1F-D57A-61A2-C0B0E2DF45D8}.Release|Any CPU.Build.0 = Release|Any CPU
		{BF25FBA1-E1F6-48B4-64AC-F50C9197B2C9}.Debug|Any CPU.ActiveCfg = Debug|Any CPU
		{BF25FBA1-E1F6-48B4-64AC-F50C9197B2C9}.Debug|Any CPU.Build.0 = Debug|Any CPU
		{BF25FBA1-E1F6-48B4-64AC-F50C9197B2C9}.Release|Any CPU.ActiveCfg = Release|Any CPU
		{BF25FBA1-E1F6-48B4-64AC-F50C9197B2C9}.Release|Any CPU.Build.0 = Release|Any CPU
		{A73EA325-6A65-B6D9-184A-197AFC69835E}.Debug|Any CPU.ActiveCfg = Debug|Any CPU
		{A73EA325-6A65-B6D9-184A-197AFC69835E}.Debug|Any CPU.Build.0 = Debug|Any CPU
		{A73EA325-6A65-B6D9-184A-197AFC69835E}.Release|Any CPU.ActiveCfg = Release|Any CPU
		{A73EA325-6A65-B6D9-184A-197AFC69835E}.Release|Any CPU.Build.0 = Release|Any CPU
		{D577F37F-F21B-8241-522D-D914A59D87AE}.Debug|Any CPU.ActiveCfg = Debug|Any CPU
		{D577F37F-F21B-8241-522D-D914A59D87AE}.Debug|Any CPU.Build.0 = Debug|Any CPU
		{D577F37F-F21B-8241-522D-D914A59D87AE}.Release|Any CPU.ActiveCfg = Release|Any CPU
		{D577F37F-F21B-8241-522D-D914A59D87AE}.Release|Any CPU.Build.0 = Release|Any CPU
		{C50BFEBE-63EC-7260-0E35-C3BA2D6D2B96}.Debug|Any CPU.ActiveCfg = Debug|Any CPU
		{C50BFEBE-63EC-7260-0E35-C3BA2D6D2B96}.Debug|Any CPU.Build.0 = Debug|Any CPU
		{C50BFEBE-63EC-7260-0E35-C3BA2D6D2B96}.Release|Any CPU.ActiveCfg = Release|Any CPU
		{C50BFEBE-63EC-7260-0E35-C3BA2D6D2B96}.Release|Any CPU.Build.0 = Release|Any CPU
		{C990FB97-B675-A00F-F624-9E2AC79E6095}.Debug|Any CPU.ActiveCfg = Debug|Any CPU
		{C990FB97-B675-A00F-F624-9E2AC79E6095}.Debug|Any CPU.Build.0 = Debug|Any CPU
		{C990FB97-B675-A00F-F624-9E2AC79E6095}.Release|Any CPU.ActiveCfg = Release|Any CPU
		{C990FB97-B675-A00F-F624-9E2AC79E6095}.Release|Any CPU.Build.0 = Release|Any CPU
		{5B22998D-A939-1B23-BEA5-03327B5C2FC4}.Debug|Any CPU.ActiveCfg = Debug|Any CPU
		{5B22998D-A939-1B23-BEA5-03327B5C2FC4}.Debug|Any CPU.Build.0 = Debug|Any CPU
		{5B22998D-A939-1B23-BEA5-03327B5C2FC4}.Release|Any CPU.ActiveCfg = Release|Any CPU
		{5B22998D-A939-1B23-BEA5-03327B5C2FC4}.Release|Any CPU.Build.0 = Release|Any CPU
		{012C8149-2C8D-A53B-5892-3425C41D56F4}.Debug|Any CPU.ActiveCfg = Debug|Any CPU
		{012C8149-2C8D-A53B-5892-3425C41D56F4}.Debug|Any CPU.Build.0 = Debug|Any CPU
		{012C8149-2C8D-A53B-5892-3425C41D56F4}.Release|Any CPU.ActiveCfg = Release|Any CPU
		{012C8149-2C8D-A53B-5892-3425C41D56F4}.Release|Any CPU.Build.0 = Release|Any CPU
		{76A16FFA-4666-BF62-6246-03781E300909}.Debug|Any CPU.ActiveCfg = Debug|Any CPU
		{76A16FFA-4666-BF62-6246-03781E300909}.Debug|Any CPU.Build.0 = Debug|Any CPU
		{76A16FFA-4666-BF62-6246-03781E300909}.Release|Any CPU.ActiveCfg = Release|Any CPU
		{76A16FFA-4666-BF62-6246-03781E300909}.Release|Any CPU.Build.0 = Release|Any CPU
		{27AA855C-2D04-0037-0C1F-7AB95903D927}.Debug|Any CPU.ActiveCfg = Debug|Any CPU
		{27AA855C-2D04-0037-0C1F-7AB95903D927}.Debug|Any CPU.Build.0 = Debug|Any CPU
		{27AA855C-2D04-0037-0C1F-7AB95903D927}.Release|Any CPU.ActiveCfg = Release|Any CPU
		{27AA855C-2D04-0037-0C1F-7AB95903D927}.Release|Any CPU.Build.0 = Release|Any CPU
		{9163919D-596F-0CAB-AC88-713A3B518C20}.Debug|Any CPU.ActiveCfg = Debug|Any CPU
		{9163919D-596F-0CAB-AC88-713A3B518C20}.Debug|Any CPU.Build.0 = Debug|Any CPU
		{9163919D-596F-0CAB-AC88-713A3B518C20}.Release|Any CPU.ActiveCfg = Release|Any CPU
		{9163919D-596F-0CAB-AC88-713A3B518C20}.Release|Any CPU.Build.0 = Release|Any CPU
		{B061242E-044A-73CD-69AF-0D77000CA351}.Debug|Any CPU.ActiveCfg = Debug|Any CPU
		{B061242E-044A-73CD-69AF-0D77000CA351}.Debug|Any CPU.Build.0 = Debug|Any CPU
		{B061242E-044A-73CD-69AF-0D77000CA351}.Release|Any CPU.ActiveCfg = Release|Any CPU
		{B061242E-044A-73CD-69AF-0D77000CA351}.Release|Any CPU.Build.0 = Release|Any CPU
		{5373689E-F41B-F41F-0011-FFE2AF6E83DF}.Debug|Any CPU.ActiveCfg = Debug|Any CPU
		{5373689E-F41B-F41F-0011-FFE2AF6E83DF}.Debug|Any CPU.Build.0 = Debug|Any CPU
		{5373689E-F41B-F41F-0011-FFE2AF6E83DF}.Release|Any CPU.ActiveCfg = Release|Any CPU
		{5373689E-F41B-F41F-0011-FFE2AF6E83DF}.Release|Any CPU.Build.0 = Release|Any CPU
		{4440A09F-D570-73F7-013E-507E67ED52B8}.Debug|Any CPU.ActiveCfg = Debug|Any CPU
		{4440A09F-D570-73F7-013E-507E67ED52B8}.Debug|Any CPU.Build.0 = Debug|Any CPU
		{4440A09F-D570-73F7-013E-507E67ED52B8}.Release|Any CPU.ActiveCfg = Release|Any CPU
		{4440A09F-D570-73F7-013E-507E67ED52B8}.Release|Any CPU.Build.0 = Release|Any CPU
		{4FD1B2D1-F18A-B5A2-BA67-BDFA316BE1CD}.Debug|Any CPU.ActiveCfg = Debug|Any CPU
		{4FD1B2D1-F18A-B5A2-BA67-BDFA316BE1CD}.Debug|Any CPU.Build.0 = Debug|Any CPU
		{4FD1B2D1-F18A-B5A2-BA67-BDFA316BE1CD}.Release|Any CPU.ActiveCfg = Release|Any CPU
		{4FD1B2D1-F18A-B5A2-BA67-BDFA316BE1CD}.Release|Any CPU.Build.0 = Release|Any CPU
		{B1FFBFA4-2736-C8E8-2C0C-5A1025DFE22D}.Debug|Any CPU.ActiveCfg = Debug|Any CPU
		{B1FFBFA4-2736-C8E8-2C0C-5A1025DFE22D}.Debug|Any CPU.Build.0 = Debug|Any CPU
		{B1FFBFA4-2736-C8E8-2C0C-5A1025DFE22D}.Release|Any CPU.ActiveCfg = Release|Any CPU
		{B1FFBFA4-2736-C8E8-2C0C-5A1025DFE22D}.Release|Any CPU.Build.0 = Release|Any CPU
		{E1E8C8E8-A7D6-0300-5C57-9DB0E4739E68}.Debug|Any CPU.ActiveCfg = Debug|Any CPU
		{E1E8C8E8-A7D6-0300-5C57-9DB0E4739E68}.Debug|Any CPU.Build.0 = Debug|Any CPU
		{E1E8C8E8-A7D6-0300-5C57-9DB0E4739E68}.Release|Any CPU.ActiveCfg = Release|Any CPU
		{E1E8C8E8-A7D6-0300-5C57-9DB0E4739E68}.Release|Any CPU.Build.0 = Release|Any CPU
		{B6D246D3-91AB-32C6-CCF2-F636B5D0BBEC}.Debug|Any CPU.ActiveCfg = Debug|Any CPU
		{B6D246D3-91AB-32C6-CCF2-F636B5D0BBEC}.Debug|Any CPU.Build.0 = Debug|Any CPU
		{B6D246D3-91AB-32C6-CCF2-F636B5D0BBEC}.Release|Any CPU.ActiveCfg = Release|Any CPU
		{B6D246D3-91AB-32C6-CCF2-F636B5D0BBEC}.Release|Any CPU.Build.0 = Release|Any CPU
		{8847FC25-ECB2-F725-43C5-C5705820888D}.Debug|Any CPU.ActiveCfg = Debug|Any CPU
		{8847FC25-ECB2-F725-43C5-C5705820888D}.Debug|Any CPU.Build.0 = Debug|Any CPU
		{8847FC25-ECB2-F725-43C5-C5705820888D}.Release|Any CPU.ActiveCfg = Release|Any CPU
		{8847FC25-ECB2-F725-43C5-C5705820888D}.Release|Any CPU.Build.0 = Release|Any CPU
		{17F39315-3520-DA2E-CF20-AA7B401AB025}.Debug|Any CPU.ActiveCfg = Debug|Any CPU
		{17F39315-3520-DA2E-CF20-AA7B401AB025}.Debug|Any CPU.Build.0 = Debug|Any CPU
		{17F39315-3520-DA2E-CF20-AA7B401AB025}.Release|Any CPU.ActiveCfg = Release|Any CPU
		{17F39315-3520-DA2E-CF20-AA7B401AB025}.Release|Any CPU.Build.0 = Release|Any CPU
		{1BE02A2A-FF17-F74E-C221-1AD2C3E04DF3}.Debug|Any CPU.ActiveCfg = Debug|Any CPU
		{1BE02A2A-FF17-F74E-C221-1AD2C3E04DF3}.Debug|Any CPU.Build.0 = Debug|Any CPU
		{1BE02A2A-FF17-F74E-C221-1AD2C3E04DF3}.Release|Any CPU.ActiveCfg = Release|Any CPU
		{1BE02A2A-FF17-F74E-C221-1AD2C3E04DF3}.Release|Any CPU.Build.0 = Release|Any CPU
		{52AD444E-1F0E-23F8-E3C5-9C1848DCFEA6}.Debug|Any CPU.ActiveCfg = Debug|Any CPU
		{52AD444E-1F0E-23F8-E3C5-9C1848DCFEA6}.Debug|Any CPU.Build.0 = Debug|Any CPU
		{52AD444E-1F0E-23F8-E3C5-9C1848DCFEA6}.Release|Any CPU.ActiveCfg = Release|Any CPU
		{52AD444E-1F0E-23F8-E3C5-9C1848DCFEA6}.Release|Any CPU.Build.0 = Release|Any CPU
		{71A11EBD-8B2F-EE6A-8E5F-4CB1FD94ED07}.Debug|Any CPU.ActiveCfg = Debug|Any CPU
		{71A11EBD-8B2F-EE6A-8E5F-4CB1FD94ED07}.Debug|Any CPU.Build.0 = Debug|Any CPU
		{71A11EBD-8B2F-EE6A-8E5F-4CB1FD94ED07}.Release|Any CPU.ActiveCfg = Release|Any CPU
		{71A11EBD-8B2F-EE6A-8E5F-4CB1FD94ED07}.Release|Any CPU.Build.0 = Release|Any CPU
		{1B10D582-E526-5299-5712-23BBF07595C4}.Debug|Any CPU.ActiveCfg = Debug|Any CPU
		{1B10D582-E526-5299-5712-23BBF07595C4}.Debug|Any CPU.Build.0 = Debug|Any CPU
		{1B10D582-E526-5299-5712-23BBF07595C4}.Release|Any CPU.ActiveCfg = Release|Any CPU
		{1B10D582-E526-5299-5712-23BBF07595C4}.Release|Any CPU.Build.0 = Release|Any CPU
		{2D38BE71-045F-739B-F2C5-C9E22DD10657}.Debug|Any CPU.ActiveCfg = Debug|Any CPU
		{2D38BE71-045F-739B-F2C5-C9E22DD10657}.Debug|Any CPU.Build.0 = Debug|Any CPU
		{2D38BE71-045F-739B-F2C5-C9E22DD10657}.Release|Any CPU.ActiveCfg = Release|Any CPU
		{2D38BE71-045F-739B-F2C5-C9E22DD10657}.Release|Any CPU.Build.0 = Release|Any CPU
		{1F7C9287-B3CA-7BD9-E5DF-802C183F1040}.Debug|Any CPU.ActiveCfg = Debug|Any CPU
		{1F7C9287-B3CA-7BD9-E5DF-802C183F1040}.Debug|Any CPU.Build.0 = Debug|Any CPU
		{1F7C9287-B3CA-7BD9-E5DF-802C183F1040}.Release|Any CPU.ActiveCfg = Release|Any CPU
		{1F7C9287-B3CA-7BD9-E5DF-802C183F1040}.Release|Any CPU.Build.0 = Release|Any CPU
		{04410124-CC41-67C3-35AA-D5C1DB857D56}.Debug|Any CPU.ActiveCfg = Debug|Any CPU
		{04410124-CC41-67C3-35AA-D5C1DB857D56}.Debug|Any CPU.Build.0 = Debug|Any CPU
		{04410124-CC41-67C3-35AA-D5C1DB857D56}.Release|Any CPU.ActiveCfg = Release|Any CPU
		{04410124-CC41-67C3-35AA-D5C1DB857D56}.Release|Any CPU.Build.0 = Release|Any CPU
		{1317C914-4190-9185-6831-0CB0484A454A}.Debug|Any CPU.ActiveCfg = Debug|Any CPU
		{1317C914-4190-9185-6831-0CB0484A454A}.Debug|Any CPU.Build.0 = Debug|Any CPU
		{1317C914-4190-9185-6831-0CB0484A454A}.Release|Any CPU.ActiveCfg = Release|Any CPU
		{1317C914-4190-9185-6831-0CB0484A454A}.Release|Any CPU.Build.0 = Release|Any CPU
		{22D35745-95ED-7079-9589-EE3B95508EF0}.Debug|Any CPU.ActiveCfg = Debug|Any CPU
		{22D35745-95ED-7079-9589-EE3B95508EF0}.Debug|Any CPU.Build.0 = Debug|Any CPU
		{22D35745-95ED-7079-9589-EE3B95508EF0}.Release|Any CPU.ActiveCfg = Release|Any CPU
		{22D35745-95ED-7079-9589-EE3B95508EF0}.Release|Any CPU.Build.0 = Release|Any CPU
		{67B612CB-E11F-2651-BE9E-5E8AB8394A5D}.Debug|Any CPU.ActiveCfg = Debug|Any CPU
		{67B612CB-E11F-2651-BE9E-5E8AB8394A5D}.Debug|Any CPU.Build.0 = Debug|Any CPU
		{67B612CB-E11F-2651-BE9E-5E8AB8394A5D}.Release|Any CPU.ActiveCfg = Release|Any CPU
		{67B612CB-E11F-2651-BE9E-5E8AB8394A5D}.Release|Any CPU.Build.0 = Release|Any CPU
		{9816A40E-3A97-F177-4794-BF72BE3B85B5}.Debug|Any CPU.ActiveCfg = Debug|Any CPU
		{9816A40E-3A97-F177-4794-BF72BE3B85B5}.Debug|Any CPU.Build.0 = Debug|Any CPU
		{9816A40E-3A97-F177-4794-BF72BE3B85B5}.Release|Any CPU.ActiveCfg = Release|Any CPU
		{9816A40E-3A97-F177-4794-BF72BE3B85B5}.Release|Any CPU.Build.0 = Release|Any CPU
		{EB5A3B3D-4313-8329-E307-517EA4D0D2F2}.Debug|Any CPU.ActiveCfg = Debug|Any CPU
		{EB5A3B3D-4313-8329-E307-517EA4D0D2F2}.Debug|Any CPU.Build.0 = Debug|Any CPU
		{EB5A3B3D-4313-8329-E307-517EA4D0D2F2}.Release|Any CPU.ActiveCfg = Release|Any CPU
		{EB5A3B3D-4313-8329-E307-517EA4D0D2F2}.Release|Any CPU.Build.0 = Release|Any CPU
		{4CD808C5-F0D8-D0F0-3578-B695C8B62C16}.Debug|Any CPU.ActiveCfg = Debug|Any CPU
		{4CD808C5-F0D8-D0F0-3578-B695C8B62C16}.Debug|Any CPU.Build.0 = Debug|Any CPU
		{4CD808C5-F0D8-D0F0-3578-B695C8B62C16}.Release|Any CPU.ActiveCfg = Release|Any CPU
		{4CD808C5-F0D8-D0F0-3578-B695C8B62C16}.Release|Any CPU.Build.0 = Release|Any CPU
		{EAC0553B-85AD-EA9E-6549-3DD6370C880F}.Debug|Any CPU.ActiveCfg = Debug|Any CPU
		{EAC0553B-85AD-EA9E-6549-3DD6370C880F}.Debug|Any CPU.Build.0 = Debug|Any CPU
		{EAC0553B-85AD-EA9E-6549-3DD6370C880F}.Release|Any CPU.ActiveCfg = Release|Any CPU
		{EAC0553B-85AD-EA9E-6549-3DD6370C880F}.Release|Any CPU.Build.0 = Release|Any CPU
		{7F49DB45-5934-233B-E993-0753C4ECFE9E}.Debug|Any CPU.ActiveCfg = Debug|Any CPU
		{7F49DB45-5934-233B-E993-0753C4ECFE9E}.Debug|Any CPU.Build.0 = Debug|Any CPU
		{7F49DB45-5934-233B-E993-0753C4ECFE9E}.Release|Any CPU.ActiveCfg = Release|Any CPU
		{7F49DB45-5934-233B-E993-0753C4ECFE9E}.Release|Any CPU.Build.0 = Release|Any CPU
		{916E4DE8-B965-ADBB-D322-BCDFD21BC34B}.Debug|Any CPU.ActiveCfg = Debug|Any CPU
		{916E4DE8-B965-ADBB-D322-BCDFD21BC34B}.Debug|Any CPU.Build.0 = Debug|Any CPU
		{916E4DE8-B965-ADBB-D322-BCDFD21BC34B}.Release|Any CPU.ActiveCfg = Release|Any CPU
		{916E4DE8-B965-ADBB-D322-BCDFD21BC34B}.Release|Any CPU.Build.0 = Release|Any CPU
		{21BB257B-15E4-94D1-0649-DDF4716FE6C9}.Debug|Any CPU.ActiveCfg = Debug|Any CPU
		{21BB257B-15E4-94D1-0649-DDF4716FE6C9}.Debug|Any CPU.Build.0 = Debug|Any CPU
		{21BB257B-15E4-94D1-0649-DDF4716FE6C9}.Release|Any CPU.ActiveCfg = Release|Any CPU
		{21BB257B-15E4-94D1-0649-DDF4716FE6C9}.Release|Any CPU.Build.0 = Release|Any CPU
		{C7B21CAF-B065-A0C4-3E18-68102239390E}.Debug|Any CPU.ActiveCfg = Debug|Any CPU
		{C7B21CAF-B065-A0C4-3E18-68102239390E}.Debug|Any CPU.Build.0 = Debug|Any CPU
		{C7B21CAF-B065-A0C4-3E18-68102239390E}.Release|Any CPU.ActiveCfg = Release|Any CPU
		{C7B21CAF-B065-A0C4-3E18-68102239390E}.Release|Any CPU.Build.0 = Release|Any CPU
		{5C8C808C-1D24-7DCE-85E0-17050244DE26}.Debug|Any CPU.ActiveCfg = Debug|Any CPU
		{5C8C808C-1D24-7DCE-85E0-17050244DE26}.Debug|Any CPU.Build.0 = Debug|Any CPU
		{5C8C808C-1D24-7DCE-85E0-17050244DE26}.Release|Any CPU.ActiveCfg = Release|Any CPU
		{5C8C808C-1D24-7DCE-85E0-17050244DE26}.Release|Any CPU.Build.0 = Release|Any CPU
		{C778C9A3-4721-765F-C508-034934508CDB}.Debug|Any CPU.ActiveCfg = Debug|Any CPU
		{C778C9A3-4721-765F-C508-034934508CDB}.Debug|Any CPU.Build.0 = Debug|Any CPU
		{C778C9A3-4721-765F-C508-034934508CDB}.Release|Any CPU.ActiveCfg = Release|Any CPU
		{C778C9A3-4721-765F-C508-034934508CDB}.Release|Any CPU.Build.0 = Release|Any CPU
		{B6CE1BFA-3A3D-986D-7396-7A1A591CA07D}.Debug|Any CPU.ActiveCfg = Debug|Any CPU
		{B6CE1BFA-3A3D-986D-7396-7A1A591CA07D}.Debug|Any CPU.Build.0 = Debug|Any CPU
		{B6CE1BFA-3A3D-986D-7396-7A1A591CA07D}.Release|Any CPU.ActiveCfg = Release|Any CPU
		{B6CE1BFA-3A3D-986D-7396-7A1A591CA07D}.Release|Any CPU.Build.0 = Release|Any CPU
		{112522FB-DFF4-5AFB-4BC9-502E87892750}.Debug|Any CPU.ActiveCfg = Debug|Any CPU
		{112522FB-DFF4-5AFB-4BC9-502E87892750}.Debug|Any CPU.Build.0 = Debug|Any CPU
		{112522FB-DFF4-5AFB-4BC9-502E87892750}.Release|Any CPU.ActiveCfg = Release|Any CPU
		{112522FB-DFF4-5AFB-4BC9-502E87892750}.Release|Any CPU.Build.0 = Release|Any CPU
		{DEA8D01B-70F3-C512-4ADD-AA7C338C6AF5}.Debug|Any CPU.ActiveCfg = Debug|Any CPU
		{DEA8D01B-70F3-C512-4ADD-AA7C338C6AF5}.Debug|Any CPU.Build.0 = Debug|Any CPU
		{DEA8D01B-70F3-C512-4ADD-AA7C338C6AF5}.Release|Any CPU.ActiveCfg = Release|Any CPU
		{DEA8D01B-70F3-C512-4ADD-AA7C338C6AF5}.Release|Any CPU.Build.0 = Release|Any CPU
		{EDC8B0C9-0DB4-1962-0F5C-76AEA1C7DBB3}.Debug|Any CPU.ActiveCfg = Debug|Any CPU
		{EDC8B0C9-0DB4-1962-0F5C-76AEA1C7DBB3}.Debug|Any CPU.Build.0 = Debug|Any CPU
		{EDC8B0C9-0DB4-1962-0F5C-76AEA1C7DBB3}.Release|Any CPU.ActiveCfg = Release|Any CPU
		{EDC8B0C9-0DB4-1962-0F5C-76AEA1C7DBB3}.Release|Any CPU.Build.0 = Release|Any CPU
		{7726E694-D5E5-39DE-44EF-762AA71E33A1}.Debug|Any CPU.ActiveCfg = Debug|Any CPU
		{7726E694-D5E5-39DE-44EF-762AA71E33A1}.Debug|Any CPU.Build.0 = Debug|Any CPU
		{7726E694-D5E5-39DE-44EF-762AA71E33A1}.Release|Any CPU.ActiveCfg = Release|Any CPU
		{7726E694-D5E5-39DE-44EF-762AA71E33A1}.Release|Any CPU.Build.0 = Release|Any CPU
		{55F4EF9C-4B05-3626-D41F-E8F5BF5227F6}.Debug|Any CPU.ActiveCfg = Debug|Any CPU
		{55F4EF9C-4B05-3626-D41F-E8F5BF5227F6}.Debug|Any CPU.Build.0 = Debug|Any CPU
		{55F4EF9C-4B05-3626-D41F-E8F5BF5227F6}.Release|Any CPU.ActiveCfg = Release|Any CPU
		{55F4EF9C-4B05-3626-D41F-E8F5BF5227F6}.Release|Any CPU.Build.0 = Release|Any CPU
		{FF775B8D-7A2D-0EBC-6943-991C36DBC426}.Debug|Any CPU.ActiveCfg = Debug|Any CPU
		{FF775B8D-7A2D-0EBC-6943-991C36DBC426}.Debug|Any CPU.Build.0 = Debug|Any CPU
		{FF775B8D-7A2D-0EBC-6943-991C36DBC426}.Release|Any CPU.ActiveCfg = Release|Any CPU
		{FF775B8D-7A2D-0EBC-6943-991C36DBC426}.Release|Any CPU.Build.0 = Release|Any CPU
		{410B04AB-8EE5-BA72-BC85-5B21FD0ED8C9}.Debug|Any CPU.ActiveCfg = Debug|Any CPU
		{410B04AB-8EE5-BA72-BC85-5B21FD0ED8C9}.Debug|Any CPU.Build.0 = Debug|Any CPU
		{410B04AB-8EE5-BA72-BC85-5B21FD0ED8C9}.Release|Any CPU.ActiveCfg = Release|Any CPU
		{410B04AB-8EE5-BA72-BC85-5B21FD0ED8C9}.Release|Any CPU.Build.0 = Release|Any CPU
		{0C59F5AC-54BD-A555-E4ED-BA88AE5CF5A9}.Debug|Any CPU.ActiveCfg = Debug|Any CPU
		{0C59F5AC-54BD-A555-E4ED-BA88AE5CF5A9}.Debug|Any CPU.Build.0 = Debug|Any CPU
		{0C59F5AC-54BD-A555-E4ED-BA88AE5CF5A9}.Release|Any CPU.ActiveCfg = Release|Any CPU
		{0C59F5AC-54BD-A555-E4ED-BA88AE5CF5A9}.Release|Any CPU.Build.0 = Release|Any CPU
		{6E4C4DB1-FDF6-9376-8B81-ED992EB5ACAD}.Debug|Any CPU.ActiveCfg = Debug|Any CPU
		{6E4C4DB1-FDF6-9376-8B81-ED992EB5ACAD}.Debug|Any CPU.Build.0 = Debug|Any CPU
		{6E4C4DB1-FDF6-9376-8B81-ED992EB5ACAD}.Release|Any CPU.ActiveCfg = Release|Any CPU
		{6E4C4DB1-FDF6-9376-8B81-ED992EB5ACAD}.Release|Any CPU.Build.0 = Release|Any CPU
		{F997383B-4578-D964-E531-AA737FF7CC92}.Debug|Any CPU.ActiveCfg = Debug|Any CPU
		{F997383B-4578-D964-E531-AA737FF7CC92}.Debug|Any CPU.Build.0 = Debug|Any CPU
		{F997383B-4578-D964-E531-AA737FF7CC92}.Release|Any CPU.ActiveCfg = Release|Any CPU
		{F997383B-4578-D964-E531-AA737FF7CC92}.Release|Any CPU.Build.0 = Release|Any CPU
		{962BF07D-456C-CB62-6EF0-04D38A3D3D7E}.Debug|Any CPU.ActiveCfg = Debug|Any CPU
		{962BF07D-456C-CB62-6EF0-04D38A3D3D7E}.Debug|Any CPU.Build.0 = Debug|Any CPU
		{962BF07D-456C-CB62-6EF0-04D38A3D3D7E}.Release|Any CPU.ActiveCfg = Release|Any CPU
		{962BF07D-456C-CB62-6EF0-04D38A3D3D7E}.Release|Any CPU.Build.0 = Release|Any CPU
		{9A456996-B206-541B-1423-658BDDC75D41}.Debug|Any CPU.ActiveCfg = Debug|Any CPU
		{9A456996-B206-541B-1423-658BDDC75D41}.Debug|Any CPU.Build.0 = Debug|Any CPU
		{9A456996-B206-541B-1423-658BDDC75D41}.Release|Any CPU.ActiveCfg = Release|Any CPU
		{9A456996-B206-541B-1423-658BDDC75D41}.Release|Any CPU.Build.0 = Release|Any CPU
		{7CEFCC4F-4CF4-E409-D69B-A735AE2EE5B2}.Debug|Any CPU.ActiveCfg = Debug|Any CPU
		{7CEFCC4F-4CF4-E409-D69B-A735AE2EE5B2}.Debug|Any CPU.Build.0 = Debug|Any CPU
		{7CEFCC4F-4CF4-E409-D69B-A735AE2EE5B2}.Release|Any CPU.ActiveCfg = Release|Any CPU
		{7CEFCC4F-4CF4-E409-D69B-A735AE2EE5B2}.Release|Any CPU.Build.0 = Release|Any CPU
		{B0B420C8-AC1D-CF76-F3CF-11CFE8C27BAE}.Debug|Any CPU.ActiveCfg = Debug|Any CPU
		{B0B420C8-AC1D-CF76-F3CF-11CFE8C27BAE}.Debug|Any CPU.Build.0 = Debug|Any CPU
		{B0B420C8-AC1D-CF76-F3CF-11CFE8C27BAE}.Release|Any CPU.ActiveCfg = Release|Any CPU
		{B0B420C8-AC1D-CF76-F3CF-11CFE8C27BAE}.Release|Any CPU.Build.0 = Release|Any CPU
		{DED5E39F-58E3-076D-8402-0B088C0F3806}.Debug|Any CPU.ActiveCfg = Debug|Any CPU
		{DED5E39F-58E3-076D-8402-0B088C0F3806}.Debug|Any CPU.Build.0 = Debug|Any CPU
		{DED5E39F-58E3-076D-8402-0B088C0F3806}.Release|Any CPU.ActiveCfg = Release|Any CPU
		{DED5E39F-58E3-076D-8402-0B088C0F3806}.Release|Any CPU.Build.0 = Release|Any CPU
		{38D2887D-729C-5C56-81FF-35A333B82F53}.Debug|Any CPU.ActiveCfg = Debug|Any CPU
		{38D2887D-729C-5C56-81FF-35A333B82F53}.Debug|Any CPU.Build.0 = Debug|Any CPU
		{38D2887D-729C-5C56-81FF-35A333B82F53}.Release|Any CPU.ActiveCfg = Release|Any CPU
		{38D2887D-729C-5C56-81FF-35A333B82F53}.Release|Any CPU.Build.0 = Release|Any CPU
		{AED743EE-1B2A-8356-4B26-B13C20C694E5}.Debug|Any CPU.ActiveCfg = Debug|Any CPU
		{AED743EE-1B2A-8356-4B26-B13C20C694E5}.Debug|Any CPU.Build.0 = Debug|Any CPU
		{AED743EE-1B2A-8356-4B26-B13C20C694E5}.Release|Any CPU.ActiveCfg = Release|Any CPU
		{AED743EE-1B2A-8356-4B26-B13C20C694E5}.Release|Any CPU.Build.0 = Release|Any CPU
		{7B24D810-E431-6F19-57B0-32954A55AA45}.Debug|Any CPU.ActiveCfg = Debug|Any CPU
		{7B24D810-E431-6F19-57B0-32954A55AA45}.Debug|Any CPU.Build.0 = Debug|Any CPU
		{7B24D810-E431-6F19-57B0-32954A55AA45}.Release|Any CPU.ActiveCfg = Release|Any CPU
		{7B24D810-E431-6F19-57B0-32954A55AA45}.Release|Any CPU.Build.0 = Release|Any CPU
		{772633CE-F554-1AEB-9FA7-27C200FEE1DC}.Debug|Any CPU.ActiveCfg = Debug|Any CPU
		{772633CE-F554-1AEB-9FA7-27C200FEE1DC}.Debug|Any CPU.Build.0 = Debug|Any CPU
		{772633CE-F554-1AEB-9FA7-27C200FEE1DC}.Release|Any CPU.ActiveCfg = Release|Any CPU
		{772633CE-F554-1AEB-9FA7-27C200FEE1DC}.Release|Any CPU.Build.0 = Release|Any CPU
		{0756A3DD-CF1D-5B0C-F753-9806CB17E6AF}.Debug|Any CPU.ActiveCfg = Debug|Any CPU
		{0756A3DD-CF1D-5B0C-F753-9806CB17E6AF}.Debug|Any CPU.Build.0 = Debug|Any CPU
		{0756A3DD-CF1D-5B0C-F753-9806CB17E6AF}.Release|Any CPU.ActiveCfg = Release|Any CPU
		{0756A3DD-CF1D-5B0C-F753-9806CB17E6AF}.Release|Any CPU.Build.0 = Release|Any CPU
		{54EE6C35-7C19-0936-AA5B-CDC7375C26E4}.Debug|Any CPU.ActiveCfg = Debug|Any CPU
		{54EE6C35-7C19-0936-AA5B-CDC7375C26E4}.Debug|Any CPU.Build.0 = Debug|Any CPU
		{54EE6C35-7C19-0936-AA5B-CDC7375C26E4}.Release|Any CPU.ActiveCfg = Release|Any CPU
		{54EE6C35-7C19-0936-AA5B-CDC7375C26E4}.Release|Any CPU.Build.0 = Release|Any CPU
		{9EA358EB-7399-2168-30A2-E201BCEDB44E}.Debug|Any CPU.ActiveCfg = Debug|Any CPU
		{9EA358EB-7399-2168-30A2-E201BCEDB44E}.Debug|Any CPU.Build.0 = Debug|Any CPU
		{9EA358EB-7399-2168-30A2-E201BCEDB44E}.Release|Any CPU.ActiveCfg = Release|Any CPU
		{9EA358EB-7399-2168-30A2-E201BCEDB44E}.Release|Any CPU.Build.0 = Release|Any CPU
		{6300035D-9BF6-8EA2-E507-3C81D493BA6A}.Debug|Any CPU.ActiveCfg = Debug|Any CPU
		{6300035D-9BF6-8EA2-E507-3C81D493BA6A}.Debug|Any CPU.Build.0 = Debug|Any CPU
		{6300035D-9BF6-8EA2-E507-3C81D493BA6A}.Release|Any CPU.ActiveCfg = Release|Any CPU
		{6300035D-9BF6-8EA2-E507-3C81D493BA6A}.Release|Any CPU.Build.0 = Release|Any CPU
		{EDA944D3-AD3C-FA26-66C4-4C65279E4782}.Debug|Any CPU.ActiveCfg = Debug|Any CPU
		{EDA944D3-AD3C-FA26-66C4-4C65279E4782}.Debug|Any CPU.Build.0 = Debug|Any CPU
		{EDA944D3-AD3C-FA26-66C4-4C65279E4782}.Release|Any CPU.ActiveCfg = Release|Any CPU
		{EDA944D3-AD3C-FA26-66C4-4C65279E4782}.Release|Any CPU.Build.0 = Release|Any CPU
		{25C2E343-3CC3-1077-98F9-457266C2B84E}.Debug|Any CPU.ActiveCfg = Debug|Any CPU
		{25C2E343-3CC3-1077-98F9-457266C2B84E}.Debug|Any CPU.Build.0 = Debug|Any CPU
		{25C2E343-3CC3-1077-98F9-457266C2B84E}.Release|Any CPU.ActiveCfg = Release|Any CPU
		{25C2E343-3CC3-1077-98F9-457266C2B84E}.Release|Any CPU.Build.0 = Release|Any CPU
		{20049749-57FA-A215-4AB1-801BA203DDAA}.Debug|Any CPU.ActiveCfg = Debug|Any CPU
		{20049749-57FA-A215-4AB1-801BA203DDAA}.Debug|Any CPU.Build.0 = Debug|Any CPU
		{20049749-57FA-A215-4AB1-801BA203DDAA}.Release|Any CPU.ActiveCfg = Release|Any CPU
		{20049749-57FA-A215-4AB1-801BA203DDAA}.Release|Any CPU.Build.0 = Release|Any CPU
		{DE86109A-E9F2-9480-4BF1-3DE0D3BB2ECC}.Debug|Any CPU.ActiveCfg = Debug|Any CPU
		{DE86109A-E9F2-9480-4BF1-3DE0D3BB2ECC}.Debug|Any CPU.Build.0 = Debug|Any CPU
		{DE86109A-E9F2-9480-4BF1-3DE0D3BB2ECC}.Release|Any CPU.ActiveCfg = Release|Any CPU
		{DE86109A-E9F2-9480-4BF1-3DE0D3BB2ECC}.Release|Any CPU.Build.0 = Release|Any CPU
		{2C94B45A-E271-A79E-9E33-3DA49706447E}.Debug|Any CPU.ActiveCfg = Debug|Any CPU
		{2C94B45A-E271-A79E-9E33-3DA49706447E}.Debug|Any CPU.Build.0 = Debug|Any CPU
		{2C94B45A-E271-A79E-9E33-3DA49706447E}.Release|Any CPU.ActiveCfg = Release|Any CPU
		{2C94B45A-E271-A79E-9E33-3DA49706447E}.Release|Any CPU.Build.0 = Release|Any CPU
		{401C515A-9930-E77E-5FB4-0F5A4162208C}.Debug|Any CPU.ActiveCfg = Debug|Any CPU
		{401C515A-9930-E77E-5FB4-0F5A4162208C}.Debug|Any CPU.Build.0 = Debug|Any CPU
		{401C515A-9930-E77E-5FB4-0F5A4162208C}.Release|Any CPU.ActiveCfg = Release|Any CPU
		{401C515A-9930-E77E-5FB4-0F5A4162208C}.Release|Any CPU.Build.0 = Release|Any CPU
		{9CEDE72F-EDCC-BCFA-A220-950335023E17}.Debug|Any CPU.ActiveCfg = Debug|Any CPU
		{9CEDE72F-EDCC-BCFA-A220-950335023E17}.Debug|Any CPU.Build.0 = Debug|Any CPU
		{9CEDE72F-EDCC-BCFA-A220-950335023E17}.Release|Any CPU.ActiveCfg = Release|Any CPU
		{9CEDE72F-EDCC-BCFA-A220-950335023E17}.Release|Any CPU.Build.0 = Release|Any CPU
		{D80A67AF-C568-DC2F-FFB9-547268B67A04}.Debug|Any CPU.ActiveCfg = Debug|Any CPU
		{D80A67AF-C568-DC2F-FFB9-547268B67A04}.Debug|Any CPU.Build.0 = Debug|Any CPU
		{D80A67AF-C568-DC2F-FFB9-547268B67A04}.Release|Any CPU.ActiveCfg = Release|Any CPU
		{D80A67AF-C568-DC2F-FFB9-547268B67A04}.Release|Any CPU.Build.0 = Release|Any CPU
		{88FE5E08-3201-BD47-D916-9C005FAB5935}.Debug|Any CPU.ActiveCfg = Debug|Any CPU
		{88FE5E08-3201-BD47-D916-9C005FAB5935}.Debug|Any CPU.Build.0 = Debug|Any CPU
		{88FE5E08-3201-BD47-D916-9C005FAB5935}.Release|Any CPU.ActiveCfg = Release|Any CPU
		{88FE5E08-3201-BD47-D916-9C005FAB5935}.Release|Any CPU.Build.0 = Release|Any CPU
		{B722EA5E-A2A0-E189-63B3-8C5AE7319BFD}.Debug|Any CPU.ActiveCfg = Debug|Any CPU
		{B722EA5E-A2A0-E189-63B3-8C5AE7319BFD}.Debug|Any CPU.Build.0 = Debug|Any CPU
		{B722EA5E-A2A0-E189-63B3-8C5AE7319BFD}.Release|Any CPU.ActiveCfg = Release|Any CPU
		{B722EA5E-A2A0-E189-63B3-8C5AE7319BFD}.Release|Any CPU.Build.0 = Release|Any CPU
		{B68DA53E-4CEE-276D-61C9-2AC4944FEB44}.Debug|Any CPU.ActiveCfg = Debug|Any CPU
		{B68DA53E-4CEE-276D-61C9-2AC4944FEB44}.Debug|Any CPU.Build.0 = Debug|Any CPU
		{B68DA53E-4CEE-276D-61C9-2AC4944FEB44}.Release|Any CPU.ActiveCfg = Release|Any CPU
		{B68DA53E-4CEE-276D-61C9-2AC4944FEB44}.Release|Any CPU.Build.0 = Release|Any CPU
		{66D0FE19-2CA5-9795-A602-14BAE61F22E7}.Debug|Any CPU.ActiveCfg = Debug|Any CPU
		{66D0FE19-2CA5-9795-A602-14BAE61F22E7}.Debug|Any CPU.Build.0 = Debug|Any CPU
		{66D0FE19-2CA5-9795-A602-14BAE61F22E7}.Release|Any CPU.ActiveCfg = Release|Any CPU
		{66D0FE19-2CA5-9795-A602-14BAE61F22E7}.Release|Any CPU.Build.0 = Release|Any CPU
		{13CF4969-6B95-37EE-E7B6-2E5917642500}.Debug|Any CPU.ActiveCfg = Debug|Any CPU
		{13CF4969-6B95-37EE-E7B6-2E5917642500}.Debug|Any CPU.Build.0 = Debug|Any CPU
		{13CF4969-6B95-37EE-E7B6-2E5917642500}.Release|Any CPU.ActiveCfg = Release|Any CPU
		{13CF4969-6B95-37EE-E7B6-2E5917642500}.Release|Any CPU.Build.0 = Release|Any CPU
		{DC229D2B-1555-4F3C-6798-648279846FF7}.Debug|Any CPU.ActiveCfg = Debug|Any CPU
		{DC229D2B-1555-4F3C-6798-648279846FF7}.Debug|Any CPU.Build.0 = Debug|Any CPU
		{DC229D2B-1555-4F3C-6798-648279846FF7}.Release|Any CPU.ActiveCfg = Release|Any CPU
		{DC229D2B-1555-4F3C-6798-648279846FF7}.Release|Any CPU.Build.0 = Release|Any CPU
		{15AFEAFF-2304-EB5C-47E1-FFED249805B3}.Debug|Any CPU.ActiveCfg = Debug|Any CPU
		{15AFEAFF-2304-EB5C-47E1-FFED249805B3}.Debug|Any CPU.Build.0 = Debug|Any CPU
		{15AFEAFF-2304-EB5C-47E1-FFED249805B3}.Release|Any CPU.ActiveCfg = Release|Any CPU
		{15AFEAFF-2304-EB5C-47E1-FFED249805B3}.Release|Any CPU.Build.0 = Release|Any CPU
		{8C2DE31D-0B20-6E58-03FB-9647F53AE7C0}.Debug|Any CPU.ActiveCfg = Debug|Any CPU
		{8C2DE31D-0B20-6E58-03FB-9647F53AE7C0}.Debug|Any CPU.Build.0 = Debug|Any CPU
		{8C2DE31D-0B20-6E58-03FB-9647F53AE7C0}.Release|Any CPU.ActiveCfg = Release|Any CPU
		{8C2DE31D-0B20-6E58-03FB-9647F53AE7C0}.Release|Any CPU.Build.0 = Release|Any CPU
		{9D9761B4-EA6A-F521-90F0-43368A4E02C2}.Debug|Any CPU.ActiveCfg = Debug|Any CPU
		{9D9761B4-EA6A-F521-90F0-43368A4E02C2}.Debug|Any CPU.Build.0 = Debug|Any CPU
		{9D9761B4-EA6A-F521-90F0-43368A4E02C2}.Release|Any CPU.ActiveCfg = Release|Any CPU
		{9D9761B4-EA6A-F521-90F0-43368A4E02C2}.Release|Any CPU.Build.0 = Release|Any CPU
		{2D023BED-5F6E-356A-F5F4-251013C29577}.Debug|Any CPU.ActiveCfg = Debug|Any CPU
		{2D023BED-5F6E-356A-F5F4-251013C29577}.Debug|Any CPU.Build.0 = Debug|Any CPU
		{2D023BED-5F6E-356A-F5F4-251013C29577}.Release|Any CPU.ActiveCfg = Release|Any CPU
		{2D023BED-5F6E-356A-F5F4-251013C29577}.Release|Any CPU.Build.0 = Release|Any CPU
		{85558BE2-9B50-46ED-2A3B-91278D008EB0}.Debug|Any CPU.ActiveCfg = Debug|Any CPU
		{85558BE2-9B50-46ED-2A3B-91278D008EB0}.Debug|Any CPU.Build.0 = Debug|Any CPU
		{85558BE2-9B50-46ED-2A3B-91278D008EB0}.Release|Any CPU.ActiveCfg = Release|Any CPU
		{85558BE2-9B50-46ED-2A3B-91278D008EB0}.Release|Any CPU.Build.0 = Release|Any CPU
		{7C950F30-FD46-4DA6-095D-9268FF1D0F2A}.Debug|Any CPU.ActiveCfg = Debug|Any CPU
		{7C950F30-FD46-4DA6-095D-9268FF1D0F2A}.Debug|Any CPU.Build.0 = Debug|Any CPU
		{7C950F30-FD46-4DA6-095D-9268FF1D0F2A}.Release|Any CPU.ActiveCfg = Release|Any CPU
		{7C950F30-FD46-4DA6-095D-9268FF1D0F2A}.Release|Any CPU.Build.0 = Release|Any CPU
		{6C58A04C-E97A-8018-5729-89D4A7DCDC49}.Debug|Any CPU.ActiveCfg = Debug|Any CPU
		{6C58A04C-E97A-8018-5729-89D4A7DCDC49}.Debug|Any CPU.Build.0 = Debug|Any CPU
		{6C58A04C-E97A-8018-5729-89D4A7DCDC49}.Release|Any CPU.ActiveCfg = Release|Any CPU
		{6C58A04C-E97A-8018-5729-89D4A7DCDC49}.Release|Any CPU.Build.0 = Release|Any CPU
		{3B0F5DC5-3618-E02A-2C86-29C809D3056A}.Debug|Any CPU.ActiveCfg = Debug|Any CPU
		{3B0F5DC5-3618-E02A-2C86-29C809D3056A}.Debug|Any CPU.Build.0 = Debug|Any CPU
		{3B0F5DC5-3618-E02A-2C86-29C809D3056A}.Release|Any CPU.ActiveCfg = Release|Any CPU
		{3B0F5DC5-3618-E02A-2C86-29C809D3056A}.Release|Any CPU.Build.0 = Release|Any CPU
		{531F4F3B-336E-0B66-0200-4E46614636A7}.Debug|Any CPU.ActiveCfg = Debug|Any CPU
		{531F4F3B-336E-0B66-0200-4E46614636A7}.Debug|Any CPU.Build.0 = Debug|Any CPU
		{531F4F3B-336E-0B66-0200-4E46614636A7}.Release|Any CPU.ActiveCfg = Release|Any CPU
		{531F4F3B-336E-0B66-0200-4E46614636A7}.Release|Any CPU.Build.0 = Release|Any CPU
		{45C815BE-44B4-800F-E8BF-D5A814CD2E99}.Debug|Any CPU.ActiveCfg = Debug|Any CPU
		{45C815BE-44B4-800F-E8BF-D5A814CD2E99}.Debug|Any CPU.Build.0 = Debug|Any CPU
		{45C815BE-44B4-800F-E8BF-D5A814CD2E99}.Release|Any CPU.ActiveCfg = Release|Any CPU
		{45C815BE-44B4-800F-E8BF-D5A814CD2E99}.Release|Any CPU.Build.0 = Release|Any CPU
		{03322B93-0FF6-5363-5911-DC6831066AE9}.Debug|Any CPU.ActiveCfg = Debug|Any CPU
		{03322B93-0FF6-5363-5911-DC6831066AE9}.Debug|Any CPU.Build.0 = Debug|Any CPU
		{03322B93-0FF6-5363-5911-DC6831066AE9}.Release|Any CPU.ActiveCfg = Release|Any CPU
		{03322B93-0FF6-5363-5911-DC6831066AE9}.Release|Any CPU.Build.0 = Release|Any CPU
		{F668C07A-A2CC-4DA9-DEDA-18DF8DBA9FAC}.Debug|Any CPU.ActiveCfg = Debug|Any CPU
		{F668C07A-A2CC-4DA9-DEDA-18DF8DBA9FAC}.Debug|Any CPU.Build.0 = Debug|Any CPU
		{F668C07A-A2CC-4DA9-DEDA-18DF8DBA9FAC}.Release|Any CPU.ActiveCfg = Release|Any CPU
		{F668C07A-A2CC-4DA9-DEDA-18DF8DBA9FAC}.Release|Any CPU.Build.0 = Release|Any CPU
		{45CC54A4-2563-4A12-B582-3AF078A97F8B}.Debug|Any CPU.ActiveCfg = Debug|Any CPU
		{45CC54A4-2563-4A12-B582-3AF078A97F8B}.Debug|Any CPU.Build.0 = Debug|Any CPU
		{45CC54A4-2563-4A12-B582-3AF078A97F8B}.Release|Any CPU.ActiveCfg = Release|Any CPU
		{45CC54A4-2563-4A12-B582-3AF078A97F8B}.Release|Any CPU.Build.0 = Release|Any CPU
		{1AC34442-4100-8EE3-E3DF-AC403832BD5C}.Debug|Any CPU.ActiveCfg = Debug|Any CPU
		{1AC34442-4100-8EE3-E3DF-AC403832BD5C}.Debug|Any CPU.Build.0 = Debug|Any CPU
		{1AC34442-4100-8EE3-E3DF-AC403832BD5C}.Release|Any CPU.ActiveCfg = Release|Any CPU
		{1AC34442-4100-8EE3-E3DF-AC403832BD5C}.Release|Any CPU.Build.0 = Release|Any CPU
		{A8788224-6097-7C1C-1E0E-5760BC8F024C}.Debug|Any CPU.ActiveCfg = Debug|Any CPU
		{A8788224-6097-7C1C-1E0E-5760BC8F024C}.Debug|Any CPU.Build.0 = Debug|Any CPU
		{A8788224-6097-7C1C-1E0E-5760BC8F024C}.Release|Any CPU.ActiveCfg = Release|Any CPU
		{A8788224-6097-7C1C-1E0E-5760BC8F024C}.Release|Any CPU.Build.0 = Release|Any CPU
		{11E3636D-48AB-6DAA-7D66-0811AE7F0713}.Debug|Any CPU.ActiveCfg = Debug|Any CPU
		{11E3636D-48AB-6DAA-7D66-0811AE7F0713}.Debug|Any CPU.Build.0 = Debug|Any CPU
		{11E3636D-48AB-6DAA-7D66-0811AE7F0713}.Release|Any CPU.ActiveCfg = Release|Any CPU
		{11E3636D-48AB-6DAA-7D66-0811AE7F0713}.Release|Any CPU.Build.0 = Release|Any CPU
		{788589EB-EA0F-4409-B864-93407F1BD49D}.Debug|Any CPU.ActiveCfg = Debug|Any CPU
		{788589EB-EA0F-4409-B864-93407F1BD49D}.Debug|Any CPU.Build.0 = Debug|Any CPU
		{788589EB-EA0F-4409-B864-93407F1BD49D}.Release|Any CPU.ActiveCfg = Release|Any CPU
		{788589EB-EA0F-4409-B864-93407F1BD49D}.Release|Any CPU.Build.0 = Release|Any CPU
		{FEC9D9D0-1589-4B4C-E7D4-60E0C390FEC8}.Debug|Any CPU.ActiveCfg = Debug|Any CPU
		{FEC9D9D0-1589-4B4C-E7D4-60E0C390FEC8}.Debug|Any CPU.Build.0 = Debug|Any CPU
		{FEC9D9D0-1589-4B4C-E7D4-60E0C390FEC8}.Release|Any CPU.ActiveCfg = Release|Any CPU
		{FEC9D9D0-1589-4B4C-E7D4-60E0C390FEC8}.Release|Any CPU.Build.0 = Release|Any CPU
		{A18728CF-995E-357C-2442-BAF3952FF849}.Debug|Any CPU.ActiveCfg = Debug|Any CPU
		{A18728CF-995E-357C-2442-BAF3952FF849}.Debug|Any CPU.Build.0 = Debug|Any CPU
		{A18728CF-995E-357C-2442-BAF3952FF849}.Release|Any CPU.ActiveCfg = Release|Any CPU
		{A18728CF-995E-357C-2442-BAF3952FF849}.Release|Any CPU.Build.0 = Release|Any CPU
		{AD1634B2-D54B-C1D2-64D2-69DC820F9DD0}.Debug|Any CPU.ActiveCfg = Debug|Any CPU
		{AD1634B2-D54B-C1D2-64D2-69DC820F9DD0}.Debug|Any CPU.Build.0 = Debug|Any CPU
		{AD1634B2-D54B-C1D2-64D2-69DC820F9DD0}.Release|Any CPU.ActiveCfg = Release|Any CPU
		{AD1634B2-D54B-C1D2-64D2-69DC820F9DD0}.Release|Any CPU.Build.0 = Release|Any CPU
		{27BFEF61-CA41-0B2F-CA99-D47D5E8E52CB}.Debug|Any CPU.ActiveCfg = Debug|Any CPU
		{27BFEF61-CA41-0B2F-CA99-D47D5E8E52CB}.Debug|Any CPU.Build.0 = Debug|Any CPU
		{27BFEF61-CA41-0B2F-CA99-D47D5E8E52CB}.Release|Any CPU.ActiveCfg = Release|Any CPU
		{27BFEF61-CA41-0B2F-CA99-D47D5E8E52CB}.Release|Any CPU.Build.0 = Release|Any CPU
		{F304CD1B-2E49-FFA4-2FEC-8D8368374DB9}.Debug|Any CPU.ActiveCfg = Debug|Any CPU
		{F304CD1B-2E49-FFA4-2FEC-8D8368374DB9}.Debug|Any CPU.Build.0 = Debug|Any CPU
		{F304CD1B-2E49-FFA4-2FEC-8D8368374DB9}.Release|Any CPU.ActiveCfg = Release|Any CPU
		{F304CD1B-2E49-FFA4-2FEC-8D8368374DB9}.Release|Any CPU.Build.0 = Release|Any CPU
		{C5157F46-DEB9-D4BD-6C49-B7D0FF0269F9}.Debug|Any CPU.ActiveCfg = Debug|Any CPU
		{C5157F46-DEB9-D4BD-6C49-B7D0FF0269F9}.Debug|Any CPU.Build.0 = Debug|Any CPU
		{C5157F46-DEB9-D4BD-6C49-B7D0FF0269F9}.Release|Any CPU.ActiveCfg = Release|Any CPU
		{C5157F46-DEB9-D4BD-6C49-B7D0FF0269F9}.Release|Any CPU.Build.0 = Release|Any CPU
		{846E7B74-88D4-A705-79D3-206760C8B0C2}.Debug|Any CPU.ActiveCfg = Debug|Any CPU
		{846E7B74-88D4-A705-79D3-206760C8B0C2}.Debug|Any CPU.Build.0 = Debug|Any CPU
		{846E7B74-88D4-A705-79D3-206760C8B0C2}.Release|Any CPU.ActiveCfg = Release|Any CPU
		{846E7B74-88D4-A705-79D3-206760C8B0C2}.Release|Any CPU.Build.0 = Release|Any CPU
		{C6EF7DC2-F241-BAB8-1F7E-0E5A4AC99D4E}.Debug|Any CPU.ActiveCfg = Debug|Any CPU
		{C6EF7DC2-F241-BAB8-1F7E-0E5A4AC99D4E}.Debug|Any CPU.Build.0 = Debug|Any CPU
		{C6EF7DC2-F241-BAB8-1F7E-0E5A4AC99D4E}.Release|Any CPU.ActiveCfg = Release|Any CPU
		{C6EF7DC2-F241-BAB8-1F7E-0E5A4AC99D4E}.Release|Any CPU.Build.0 = Release|Any CPU
		{0E0046B3-E207-2895-1DC8-F56F2E8C3059}.Debug|Any CPU.ActiveCfg = Debug|Any CPU
		{0E0046B3-E207-2895-1DC8-F56F2E8C3059}.Debug|Any CPU.Build.0 = Debug|Any CPU
		{0E0046B3-E207-2895-1DC8-F56F2E8C3059}.Release|Any CPU.ActiveCfg = Release|Any CPU
		{0E0046B3-E207-2895-1DC8-F56F2E8C3059}.Release|Any CPU.Build.0 = Release|Any CPU
		{3FC0227F-0F1B-C5DB-F2C3-FB93B2C21E4D}.Debug|Any CPU.ActiveCfg = Debug|Any CPU
		{3FC0227F-0F1B-C5DB-F2C3-FB93B2C21E4D}.Debug|Any CPU.Build.0 = Debug|Any CPU
		{3FC0227F-0F1B-C5DB-F2C3-FB93B2C21E4D}.Release|Any CPU.ActiveCfg = Release|Any CPU
		{3FC0227F-0F1B-C5DB-F2C3-FB93B2C21E4D}.Release|Any CPU.Build.0 = Release|Any CPU
		{732FEF21-5BD9-582C-AD4D-D5F63C69D328}.Debug|Any CPU.ActiveCfg = Debug|Any CPU
		{732FEF21-5BD9-582C-AD4D-D5F63C69D328}.Debug|Any CPU.Build.0 = Debug|Any CPU
		{732FEF21-5BD9-582C-AD4D-D5F63C69D328}.Release|Any CPU.ActiveCfg = Release|Any CPU
		{732FEF21-5BD9-582C-AD4D-D5F63C69D328}.Release|Any CPU.Build.0 = Release|Any CPU
		{C5E46543-182F-90AB-E000-45078AC98861}.Debug|Any CPU.ActiveCfg = Debug|Any CPU
		{C5E46543-182F-90AB-E000-45078AC98861}.Debug|Any CPU.Build.0 = Debug|Any CPU
		{C5E46543-182F-90AB-E000-45078AC98861}.Release|Any CPU.ActiveCfg = Release|Any CPU
		{C5E46543-182F-90AB-E000-45078AC98861}.Release|Any CPU.Build.0 = Release|Any CPU
		{680B799D-19C1-E562-5121-31FA552F4780}.Debug|Any CPU.ActiveCfg = Debug|Any CPU
		{680B799D-19C1-E562-5121-31FA552F4780}.Debug|Any CPU.Build.0 = Debug|Any CPU
		{680B799D-19C1-E562-5121-31FA552F4780}.Release|Any CPU.ActiveCfg = Release|Any CPU
		{680B799D-19C1-E562-5121-31FA552F4780}.Release|Any CPU.Build.0 = Release|Any CPU
		{87E77575-A77F-77D6-8044-443284ABA33B}.Debug|Any CPU.ActiveCfg = Debug|Any CPU
		{87E77575-A77F-77D6-8044-443284ABA33B}.Debug|Any CPU.Build.0 = Debug|Any CPU
		{87E77575-A77F-77D6-8044-443284ABA33B}.Release|Any CPU.ActiveCfg = Release|Any CPU
		{87E77575-A77F-77D6-8044-443284ABA33B}.Release|Any CPU.Build.0 = Release|Any CPU
		{5E90B55F-2BB4-274F-85F5-842A100DE13D}.Debug|Any CPU.ActiveCfg = Debug|Any CPU
		{5E90B55F-2BB4-274F-85F5-842A100DE13D}.Debug|Any CPU.Build.0 = Debug|Any CPU
		{5E90B55F-2BB4-274F-85F5-842A100DE13D}.Release|Any CPU.ActiveCfg = Release|Any CPU
		{5E90B55F-2BB4-274F-85F5-842A100DE13D}.Release|Any CPU.Build.0 = Release|Any CPU
		{16911635-D914-C5C2-506C-604B5887389D}.Debug|Any CPU.ActiveCfg = Debug|Any CPU
		{16911635-D914-C5C2-506C-604B5887389D}.Debug|Any CPU.Build.0 = Debug|Any CPU
		{16911635-D914-C5C2-506C-604B5887389D}.Release|Any CPU.ActiveCfg = Release|Any CPU
		{16911635-D914-C5C2-506C-604B5887389D}.Release|Any CPU.Build.0 = Release|Any CPU
		{F6514CF1-6276-DE11-A9AB-AE88843B2A88}.Debug|Any CPU.ActiveCfg = Debug|Any CPU
		{F6514CF1-6276-DE11-A9AB-AE88843B2A88}.Debug|Any CPU.Build.0 = Debug|Any CPU
		{F6514CF1-6276-DE11-A9AB-AE88843B2A88}.Release|Any CPU.ActiveCfg = Release|Any CPU
		{F6514CF1-6276-DE11-A9AB-AE88843B2A88}.Release|Any CPU.Build.0 = Release|Any CPU
		{EA60D59C-3B8D-01D2-A966-6E47D2628893}.Debug|Any CPU.ActiveCfg = Debug|Any CPU
		{EA60D59C-3B8D-01D2-A966-6E47D2628893}.Debug|Any CPU.Build.0 = Debug|Any CPU
		{EA60D59C-3B8D-01D2-A966-6E47D2628893}.Release|Any CPU.ActiveCfg = Release|Any CPU
		{EA60D59C-3B8D-01D2-A966-6E47D2628893}.Release|Any CPU.Build.0 = Release|Any CPU
		{F30A1AB2-ADBA-778B-5781-CEE3C92DDB78}.Debug|Any CPU.ActiveCfg = Debug|Any CPU
		{F30A1AB2-ADBA-778B-5781-CEE3C92DDB78}.Debug|Any CPU.Build.0 = Debug|Any CPU
		{F30A1AB2-ADBA-778B-5781-CEE3C92DDB78}.Release|Any CPU.ActiveCfg = Release|Any CPU
		{F30A1AB2-ADBA-778B-5781-CEE3C92DDB78}.Release|Any CPU.Build.0 = Release|Any CPU
		{F68D07C3-EE99-2F34-A1CE-780E30AC44CF}.Debug|Any CPU.ActiveCfg = Debug|Any CPU
		{F68D07C3-EE99-2F34-A1CE-780E30AC44CF}.Debug|Any CPU.Build.0 = Debug|Any CPU
		{F68D07C3-EE99-2F34-A1CE-780E30AC44CF}.Release|Any CPU.ActiveCfg = Release|Any CPU
		{F68D07C3-EE99-2F34-A1CE-780E30AC44CF}.Release|Any CPU.Build.0 = Release|Any CPU
		{05ADFDD0-0EB0-F8EE-6B33-97248B82C002}.Debug|Any CPU.ActiveCfg = Debug|Any CPU
		{05ADFDD0-0EB0-F8EE-6B33-97248B82C002}.Debug|Any CPU.Build.0 = Debug|Any CPU
		{05ADFDD0-0EB0-F8EE-6B33-97248B82C002}.Release|Any CPU.ActiveCfg = Release|Any CPU
		{05ADFDD0-0EB0-F8EE-6B33-97248B82C002}.Release|Any CPU.Build.0 = Release|Any CPU
		{BA1F247F-F554-EFE0-9C89-BEFB4DF11A66}.Debug|Any CPU.ActiveCfg = Debug|Any CPU
		{BA1F247F-F554-EFE0-9C89-BEFB4DF11A66}.Debug|Any CPU.Build.0 = Debug|Any CPU
		{BA1F247F-F554-EFE0-9C89-BEFB4DF11A66}.Release|Any CPU.ActiveCfg = Release|Any CPU
		{BA1F247F-F554-EFE0-9C89-BEFB4DF11A66}.Release|Any CPU.Build.0 = Release|Any CPU
		{289B6BAC-A1AF-1543-71A0-6EFAE7584A47}.Debug|Any CPU.ActiveCfg = Debug|Any CPU
		{289B6BAC-A1AF-1543-71A0-6EFAE7584A47}.Debug|Any CPU.Build.0 = Debug|Any CPU
		{289B6BAC-A1AF-1543-71A0-6EFAE7584A47}.Release|Any CPU.ActiveCfg = Release|Any CPU
		{289B6BAC-A1AF-1543-71A0-6EFAE7584A47}.Release|Any CPU.Build.0 = Release|Any CPU
		{8090FBFE-2857-FDD6-0BE7-929EA8AD29AE}.Debug|Any CPU.ActiveCfg = Debug|Any CPU
		{8090FBFE-2857-FDD6-0BE7-929EA8AD29AE}.Debug|Any CPU.Build.0 = Debug|Any CPU
		{8090FBFE-2857-FDD6-0BE7-929EA8AD29AE}.Release|Any CPU.ActiveCfg = Release|Any CPU
		{8090FBFE-2857-FDD6-0BE7-929EA8AD29AE}.Release|Any CPU.Build.0 = Release|Any CPU
		{14973852-619C-8A8E-5259-A624BB7A61BA}.Debug|Any CPU.ActiveCfg = Debug|Any CPU
		{14973852-619C-8A8E-5259-A624BB7A61BA}.Debug|Any CPU.Build.0 = Debug|Any CPU
		{14973852-619C-8A8E-5259-A624BB7A61BA}.Release|Any CPU.ActiveCfg = Release|Any CPU
		{14973852-619C-8A8E-5259-A624BB7A61BA}.Release|Any CPU.Build.0 = Release|Any CPU
		{98DB0700-C574-7E07-BBA2-E6C600C05CC1}.Debug|Any CPU.ActiveCfg = Debug|Any CPU
		{98DB0700-C574-7E07-BBA2-E6C600C05CC1}.Debug|Any CPU.Build.0 = Debug|Any CPU
		{98DB0700-C574-7E07-BBA2-E6C600C05CC1}.Release|Any CPU.ActiveCfg = Release|Any CPU
		{98DB0700-C574-7E07-BBA2-E6C600C05CC1}.Release|Any CPU.Build.0 = Release|Any CPU
		{36FEAD0E-BFE8-7585-CCA7-E107EF381383}.Debug|Any CPU.ActiveCfg = Debug|Any CPU
		{36FEAD0E-BFE8-7585-CCA7-E107EF381383}.Debug|Any CPU.Build.0 = Debug|Any CPU
		{36FEAD0E-BFE8-7585-CCA7-E107EF381383}.Release|Any CPU.ActiveCfg = Release|Any CPU
		{36FEAD0E-BFE8-7585-CCA7-E107EF381383}.Release|Any CPU.Build.0 = Release|Any CPU
		{5DF06137-E22A-3A6A-93A6-A0550CEFB246}.Debug|Any CPU.ActiveCfg = Debug|Any CPU
		{5DF06137-E22A-3A6A-93A6-A0550CEFB246}.Debug|Any CPU.Build.0 = Debug|Any CPU
		{5DF06137-E22A-3A6A-93A6-A0550CEFB246}.Release|Any CPU.ActiveCfg = Release|Any CPU
		{5DF06137-E22A-3A6A-93A6-A0550CEFB246}.Release|Any CPU.Build.0 = Release|Any CPU
		{75AC7CD8-9637-74B2-45EA-F1430BB86E43}.Debug|Any CPU.ActiveCfg = Debug|Any CPU
		{75AC7CD8-9637-74B2-45EA-F1430BB86E43}.Debug|Any CPU.Build.0 = Debug|Any CPU
		{75AC7CD8-9637-74B2-45EA-F1430BB86E43}.Release|Any CPU.ActiveCfg = Release|Any CPU
		{75AC7CD8-9637-74B2-45EA-F1430BB86E43}.Release|Any CPU.Build.0 = Release|Any CPU
		{0720F763-319B-C821-E977-15082AF9F507}.Debug|Any CPU.ActiveCfg = Debug|Any CPU
		{0720F763-319B-C821-E977-15082AF9F507}.Debug|Any CPU.Build.0 = Debug|Any CPU
		{0720F763-319B-C821-E977-15082AF9F507}.Release|Any CPU.ActiveCfg = Release|Any CPU
		{0720F763-319B-C821-E977-15082AF9F507}.Release|Any CPU.Build.0 = Release|Any CPU
		{ECD3E396-A314-6157-1C2F-9ABD8AEBA02B}.Debug|Any CPU.ActiveCfg = Debug|Any CPU
		{ECD3E396-A314-6157-1C2F-9ABD8AEBA02B}.Debug|Any CPU.Build.0 = Debug|Any CPU
		{ECD3E396-A314-6157-1C2F-9ABD8AEBA02B}.Release|Any CPU.ActiveCfg = Release|Any CPU
		{ECD3E396-A314-6157-1C2F-9ABD8AEBA02B}.Release|Any CPU.Build.0 = Release|Any CPU
		{1BF170C8-C609-5033-B558-BFFC1CA0D548}.Debug|Any CPU.ActiveCfg = Debug|Any CPU
		{1BF170C8-C609-5033-B558-BFFC1CA0D548}.Debug|Any CPU.Build.0 = Debug|Any CPU
		{1BF170C8-C609-5033-B558-BFFC1CA0D548}.Release|Any CPU.ActiveCfg = Release|Any CPU
		{1BF170C8-C609-5033-B558-BFFC1CA0D548}.Release|Any CPU.Build.0 = Release|Any CPU
		{66C51437-0640-9907-8EA5-32BF20E4707A}.Debug|Any CPU.ActiveCfg = Debug|Any CPU
		{66C51437-0640-9907-8EA5-32BF20E4707A}.Debug|Any CPU.Build.0 = Debug|Any CPU
		{66C51437-0640-9907-8EA5-32BF20E4707A}.Release|Any CPU.ActiveCfg = Release|Any CPU
		{66C51437-0640-9907-8EA5-32BF20E4707A}.Release|Any CPU.Build.0 = Release|Any CPU
	EndGlobalSection
	GlobalSection(SolutionProperties) = preSolution
		HideSolutionNode = FALSE
	EndGlobalSection
EndGlobal
